PODS:
  - Bolts (1.6.0):
    - Bolts/AppLinks (= 1.6.0)
    - Bolts/Tasks (= 1.6.0)
  - Bolts/AppLinks (1.6.0):
    - Bolts/Tasks
  - Bolts/Tasks (1.6.0)
  - Crashlytics (3.6.0):
    - Fabric (~> 1.6.3)
  - Fabric (1.6.4)
  - FBSDKCoreKit (4.9.1):
    - Bolts (~> 1.5)

DEPENDENCIES:
  - Crashlytics
  - FBSDKCoreKit

SPEC CHECKSUMS:
  Bolts: f52a250053bb517ca874523c3913776359ab3def
  Crashlytics: e4e8d02914f2608fbc7bf42b1a7af838b0db67a2
  Fabric: ed41fd62173c6bdea24ab02c9d7707161eabb750
  FBSDKCoreKit: aee20b6d9855f15b618d4fddd1a5ad45f5a4a59d

COCOAPODS: 0.39.0
