// !$*UTF8*$!
{
	archiveVersion = 1;
	classes = {
	};
	objectVersion = 46;
	objects = {

/* Begin PBXBuildFile section */
		B400F410191AFCA100A483E2 /* UpgradeScene.m in Sources */ = {isa = PBXBuildFile; fileRef = B400F40F191AFCA100A483E2 /* UpgradeScene.m */; };
		B405AA281AEC31E00053F794 /* Moki-Lean.otf in Resources */ = {isa = PBXBuildFile; fileRef = B405AA261AEC31E00053F794 /* Moki-Lean.otf */; };
		B405AA2D1AEC3E8E0053F794 /* Background2.atlas in Resources */ = {isa = PBXBuildFile; fileRef = B405AA2C1AEC3E8E0053F794 /* Background2.atlas */; };
		B405AA2F1AED54980053F794 /* gamePlay.caf in Resources */ = {isa = PBXBuildFile; fileRef = B405AA2E1AED54980053F794 /* gamePlay.caf */; };
		B405AA331AED5F990053F794 /* asteroidSun.caf in Resources */ = {isa = PBXBuildFile; fileRef = B405AA321AED5F990053F794 /* asteroidSun.caf */; };
		B407A22D1AD6358B00C87AC7 /* Planet_5_0@2x.png in Resources */ = {isa = PBXBuildFile; fileRef = B407A2281AD6358B00C87AC7 /* Planet_5_0@2x.png */; };
		B407A22E1AD6358B00C87AC7 /* Planet_5_1@2x.png in Resources */ = {isa = PBXBuildFile; fileRef = B407A2291AD6358B00C87AC7 /* Planet_5_1@2x.png */; };
		B407A22F1AD6358B00C87AC7 /* Planet_5_2@2x.png in Resources */ = {isa = PBXBuildFile; fileRef = B407A22A1AD6358B00C87AC7 /* Planet_5_2@2x.png */; };
		B407A2301AD6358B00C87AC7 /* Planet_5_3@2x.png in Resources */ = {isa = PBXBuildFile; fileRef = B407A22B1AD6358B00C87AC7 /* Planet_5_3@2x.png */; };
		B43358611AF834FF00DB6444 /* SKNode+Removed.m in Sources */ = {isa = PBXBuildFile; fileRef = B43358601AF834FF00DB6444 /* SKNode+Removed.m */; };
		B43F4D0C192ABB510000ACA4 /* AsteroidShield_1@2x.png in Resources */ = {isa = PBXBuildFile; fileRef = B43F4D0B192ABB510000ACA4 /* AsteroidShield_1@2x.png */; };
		B43F4D0E192ABB560000ACA4 /* AsteroidShield_Ring_1@2x.png in Resources */ = {isa = PBXBuildFile; fileRef = B43F4D0D192ABB560000ACA4 /* AsteroidShield_Ring_1@2x.png */; };
		B43F4D12192ABB6C0000ACA4 /* AsteroidShield_0@2x.png in Resources */ = {isa = PBXBuildFile; fileRef = B43F4D11192ABB6C0000ACA4 /* AsteroidShield_0@2x.png */; };
		B43F4D16192ABB770000ACA4 /* AsteroidShield_Ring_0@2x.png in Resources */ = {isa = PBXBuildFile; fileRef = B43F4D15192ABB770000ACA4 /* AsteroidShield_Ring_0@2x.png */; };
		B445413E1AD99D5600AA7A13 /* Planet_5_S@2x.png in Resources */ = {isa = PBXBuildFile; fileRef = B445413D1AD99D5600AA7A13 /* Planet_5_S@2x.png */; };
		B4467174192D8C7700B4A8C7 /* AsteroidShield_Impact_1@2x.png in Resources */ = {isa = PBXBuildFile; fileRef = B4467173192D8C7700B4A8C7 /* AsteroidShield_Impact_1@2x.png */; };
		B4467176192D8CC500B4A8C7 /* AsteroidShield_Impact_0@2x.png in Resources */ = {isa = PBXBuildFile; fileRef = B4467175192D8CC500B4A8C7 /* AsteroidShield_Impact_0@2x.png */; };
		B4467178192D906400B4A8C7 /* AsteroidShield_Pop_0@2x.png in Resources */ = {isa = PBXBuildFile; fileRef = B4467177192D906400B4A8C7 /* AsteroidShield_Pop_0@2x.png */; };
		B446717A192D906A00B4A8C7 /* AsteroidShield_Pop_1@2x.png in Resources */ = {isa = PBXBuildFile; fileRef = B4467179192D906A00B4A8C7 /* AsteroidShield_Pop_1@2x.png */; };
		B4557EC31AC0D4C8004E097E /* GameOverView.m in Sources */ = {isa = PBXBuildFile; fileRef = B4557EC21AC0D4C8004E097E /* GameOverView.m */; };
		B4557EC51AC0D4DD004E097E /* GameOverView.xib in Resources */ = {isa = PBXBuildFile; fileRef = B4557EC41AC0D4DD004E097E /* GameOverView.xib */; };
		B4557EC81AC0DD95004E097E /* UIView+Screenshot.m in Sources */ = {isa = PBXBuildFile; fileRef = B4557EC71AC0DD95004E097E /* UIView+Screenshot.m */; };
		B4557ECC1AC0DDF1004E097E /* UIImage+Effects.m in Sources */ = {isa = PBXBuildFile; fileRef = B4557ECB1AC0DDF1004E097E /* UIImage+Effects.m */; };
		B4557ECF1AC0DE55004E097E /* SKScene+Unarchive.m in Sources */ = {isa = PBXBuildFile; fileRef = B4557ECE1AC0DE55004E097E /* SKScene+Unarchive.m */; };
		B4557ED21AC0E8A3004E097E /* UIView+Fancy.m in Sources */ = {isa = PBXBuildFile; fileRef = B4557ED11AC0E8A3004E097E /* UIView+Fancy.m */; };
		B4557ED51AC0EF47004E097E /* PausedView.m in Sources */ = {isa = PBXBuildFile; fileRef = B4557ED41AC0EF47004E097E /* PausedView.m */; };
		B4557ED71AC0EF57004E097E /* PausedView.xib in Resources */ = {isa = PBXBuildFile; fileRef = B4557ED61AC0EF57004E097E /* PausedView.xib */; };
		B4557EDB1AC37B8A004E097E /* SettingsView.xib in Resources */ = {isa = PBXBuildFile; fileRef = B4557EDA1AC37B8A004E097E /* SettingsView.xib */; };
		B4557EDE1AC37C5A004E097E /* SettingsView.m in Sources */ = {isa = PBXBuildFile; fileRef = B4557EDD1AC37C5A004E097E /* SettingsView.m */; };
		B4557EE01AC3B24D004E097E /* MainMenuView.xib in Resources */ = {isa = PBXBuildFile; fileRef = B4557EDF1AC3B24D004E097E /* MainMenuView.xib */; };
		B4557EE31AC3B26B004E097E /* MainMenuView.m in Sources */ = {isa = PBXBuildFile; fileRef = B4557EE21AC3B26B004E097E /* MainMenuView.m */; };
		B45865EC18DA3ACA005C9566 /* HexColor.m in Sources */ = {isa = PBXBuildFile; fileRef = B45865EB18DA3ACA005C9566 /* HexColor.m */; };
		B45CA24A1B25F5CD001E07D9 /* MKStoreKit.m in Sources */ = {isa = PBXBuildFile; fileRef = B45CA2491B25F5CD001E07D9 /* MKStoreKit.m */; };
		B45CA24C1B25F5D5001E07D9 /* StoreKit.framework in Frameworks */ = {isa = PBXBuildFile; fileRef = B45CA24B1B25F5D5001E07D9 /* StoreKit.framework */; };
		B45CA24E1B25F94E001E07D9 /* MKStoreKitConfigs.plist in Resources */ = {isa = PBXBuildFile; fileRef = B45CA24D1B25F94E001E07D9 /* MKStoreKitConfigs.plist */; };
		B45CA2511B25FBD9001E07D9 /* IAPView.m in Sources */ = {isa = PBXBuildFile; fileRef = B45CA2501B25FBD9001E07D9 /* IAPView.m */; };
		B45CA2531B25FBE8001E07D9 /* IAPView.xib in Resources */ = {isa = PBXBuildFile; fileRef = B45CA2521B25FBE8001E07D9 /* IAPView.xib */; };
		B45FF12818CE8708001662CD /* Foundation.framework in Frameworks */ = {isa = PBXBuildFile; fileRef = B45FF12718CE8708001662CD /* Foundation.framework */; };
		B45FF12A18CE8708001662CD /* CoreGraphics.framework in Frameworks */ = {isa = PBXBuildFile; fileRef = B45FF12918CE8708001662CD /* CoreGraphics.framework */; };
		B45FF12C18CE8708001662CD /* UIKit.framework in Frameworks */ = {isa = PBXBuildFile; fileRef = B45FF12B18CE8708001662CD /* UIKit.framework */; };
		B45FF12E18CE8708001662CD /* SpriteKit.framework in Frameworks */ = {isa = PBXBuildFile; fileRef = B45FF12D18CE8708001662CD /* SpriteKit.framework */; };
		B45FF13418CE8708001662CD /* InfoPlist.strings in Resources */ = {isa = PBXBuildFile; fileRef = B45FF13218CE8708001662CD /* InfoPlist.strings */; };
		B45FF13618CE8708001662CD /* main.m in Sources */ = {isa = PBXBuildFile; fileRef = B45FF13518CE8708001662CD /* main.m */; };
		B45FF13A18CE8708001662CD /* AppDelegate.m in Sources */ = {isa = PBXBuildFile; fileRef = B45FF13918CE8708001662CD /* AppDelegate.m */; };
		B45FF13D18CE8708001662CD /* Main.storyboard in Resources */ = {isa = PBXBuildFile; fileRef = B45FF13B18CE8708001662CD /* Main.storyboard */; };
		B45FF14018CE8708001662CD /* ViewController.m in Sources */ = {isa = PBXBuildFile; fileRef = B45FF13F18CE8708001662CD /* ViewController.m */; };
		B45FF14318CE8708001662CD /* GameScene.m in Sources */ = {isa = PBXBuildFile; fileRef = B45FF14218CE8708001662CD /* GameScene.m */; };
		B45FF14718CE8708001662CD /* Images.xcassets in Resources */ = {isa = PBXBuildFile; fileRef = B45FF14618CE8708001662CD /* Images.xcassets */; };
		B45FF14E18CE8708001662CD /* XCTest.framework in Frameworks */ = {isa = PBXBuildFile; fileRef = B45FF14D18CE8708001662CD /* XCTest.framework */; };
		B45FF14F18CE8708001662CD /* Foundation.framework in Frameworks */ = {isa = PBXBuildFile; fileRef = B45FF12718CE8708001662CD /* Foundation.framework */; };
		B45FF15018CE8708001662CD /* UIKit.framework in Frameworks */ = {isa = PBXBuildFile; fileRef = B45FF12B18CE8708001662CD /* UIKit.framework */; };
		B45FF15818CE8708001662CD /* InfoPlist.strings in Resources */ = {isa = PBXBuildFile; fileRef = B45FF15618CE8708001662CD /* InfoPlist.strings */; };
		B45FF15A18CE8708001662CD /* ABIMSIMTests.m in Sources */ = {isa = PBXBuildFile; fileRef = B45FF15918CE8708001662CD /* ABIMSIMTests.m */; };
		B46363A41979EBA2007B657C /* SpaceMine_Friendly_0@2x.png in Resources */ = {isa = PBXBuildFile; fileRef = B463639B1979EBA2007B657C /* SpaceMine_Friendly_0@2x.png */; };
		B46363A51979EBA2007B657C /* SpaceMine_Friendly_1@2x.png in Resources */ = {isa = PBXBuildFile; fileRef = B463639C1979EBA2007B657C /* SpaceMine_Friendly_1@2x.png */; };
		B46363A61979EBA2007B657C /* SpaceMine_Friendly_2@2x.png in Resources */ = {isa = PBXBuildFile; fileRef = B463639D1979EBA2007B657C /* SpaceMine_Friendly_2@2x.png */; };
		B46363A71979EBA2007B657C /* SpaceMine_Friendly_3@2x.png in Resources */ = {isa = PBXBuildFile; fileRef = B463639E1979EBA2007B657C /* SpaceMine_Friendly_3@2x.png */; };
		B46363A81979EBA2007B657C /* SpaceMine_Friendly_4@2x.png in Resources */ = {isa = PBXBuildFile; fileRef = B463639F1979EBA2007B657C /* SpaceMine_Friendly_4@2x.png */; };
		B46363A91979EBA2007B657C /* SpaceMine_Friendly_5@2x.png in Resources */ = {isa = PBXBuildFile; fileRef = B46363A01979EBA2007B657C /* SpaceMine_Friendly_5@2x.png */; };
		B46363AA1979EBA2007B657C /* SpaceMine_Friendly_6@2x.png in Resources */ = {isa = PBXBuildFile; fileRef = B46363A11979EBA2007B657C /* SpaceMine_Friendly_6@2x.png */; };
		B46363AB1979EBA2007B657C /* SpaceMine_Friendly_7@2x.png in Resources */ = {isa = PBXBuildFile; fileRef = B46363A21979EBA2007B657C /* SpaceMine_Friendly_7@2x.png */; };
		B46363AC1979EBA2007B657C /* SpaceMine_Friendly_8@2x.png in Resources */ = {isa = PBXBuildFile; fileRef = B46363A31979EBA2007B657C /* SpaceMine_Friendly_8@2x.png */; };
		B47244431ACB710C002A8B4B /* BlackHole.m in Sources */ = {isa = PBXBuildFile; fileRef = B47244421ACB710C002A8B4B /* BlackHole.m */; };
		B47244451ACB717A002A8B4B /* PhysicsContstants.h in Sources */ = {isa = PBXBuildFile; fileRef = B47244441ACB717A002A8B4B /* PhysicsContstants.h */; };
		B47244481ACB71F8002A8B4B /* BaseSprite.m in Sources */ = {isa = PBXBuildFile; fileRef = B47244471ACB71F8002A8B4B /* BaseSprite.m */; };
		B472444D1ACE0433002A8B4B /* UpgradesView.m in Sources */ = {isa = PBXBuildFile; fileRef = B472444C1ACE0433002A8B4B /* UpgradesView.m */; };
		B472444F1ACE0441002A8B4B /* UpgradesView.xib in Resources */ = {isa = PBXBuildFile; fileRef = B472444E1ACE0441002A8B4B /* UpgradesView.xib */; };
		B47923DC19157805002B8467 /* Voltaire-Regular.ttf in Resources */ = {isa = PBXBuildFile; fileRef = B47923DB19157805002B8467 /* Voltaire-Regular.ttf */; };
		B47BCFC71921879000C22D22 /* Social.framework in Frameworks */ = {isa = PBXBuildFile; fileRef = B47BCFC61921879000C22D22 /* Social.framework */; };
		B47E22CD18DBA7E200F42EBB /* Asteroid_0@2x.png in Resources */ = {isa = PBXBuildFile; fileRef = B47E22C118DBA7E200F42EBB /* Asteroid_0@2x.png */; };
		B47E22CE18DBA7E200F42EBB /* Asteroid_1@2x.png in Resources */ = {isa = PBXBuildFile; fileRef = B47E22C218DBA7E200F42EBB /* Asteroid_1@2x.png */; };
		B47E22CF18DBA7E200F42EBB /* Asteroid_2@2x.png in Resources */ = {isa = PBXBuildFile; fileRef = B47E22C318DBA7E200F42EBB /* Asteroid_2@2x.png */; };
		B47E22D018DBA7E200F42EBB /* Asteroid_3@2x.png in Resources */ = {isa = PBXBuildFile; fileRef = B47E22C418DBA7E200F42EBB /* Asteroid_3@2x.png */; };
		B47E22D118DBA7E200F42EBB /* Asteroid_4@2x.png in Resources */ = {isa = PBXBuildFile; fileRef = B47E22C518DBA7E200F42EBB /* Asteroid_4@2x.png */; };
		B47E22D218DBA7E200F42EBB /* Asteroid_5@2x.png in Resources */ = {isa = PBXBuildFile; fileRef = B47E22C618DBA7E200F42EBB /* Asteroid_5@2x.png */; };
		B47E22D318DBA7E200F42EBB /* Asteroid_6@2x.png in Resources */ = {isa = PBXBuildFile; fileRef = B47E22C718DBA7E200F42EBB /* Asteroid_6@2x.png */; };
		B47E22D418DBA7E200F42EBB /* Asteroid_7@2x.png in Resources */ = {isa = PBXBuildFile; fileRef = B47E22C818DBA7E200F42EBB /* Asteroid_7@2x.png */; };
		B47E22D518DBA7E200F42EBB /* Asteroid_8@2x.png in Resources */ = {isa = PBXBuildFile; fileRef = B47E22C918DBA7E200F42EBB /* Asteroid_8@2x.png */; };
		B47E22D618DBA7E200F42EBB /* Asteroid_9@2x.png in Resources */ = {isa = PBXBuildFile; fileRef = B47E22CA18DBA7E200F42EBB /* Asteroid_9@2x.png */; };
		B47E22D718DBA7E200F42EBB /* Asteroid_10@2x.png in Resources */ = {isa = PBXBuildFile; fileRef = B47E22CB18DBA7E200F42EBB /* Asteroid_10@2x.png */; };
		B47E22D818DBA7E200F42EBB /* Asteroid_11@2x.png in Resources */ = {isa = PBXBuildFile; fileRef = B47E22CC18DBA7E200F42EBB /* Asteroid_11@2x.png */; };
		B48AA3871AD043C80054CC65 /* UpgradeTableViewCell.m in Sources */ = {isa = PBXBuildFile; fileRef = B48AA3851AD043C80054CC65 /* UpgradeTableViewCell.m */; };
		B48AA3881AD043C80054CC65 /* UpgradeTableViewCell.xib in Resources */ = {isa = PBXBuildFile; fileRef = B48AA3861AD043C80054CC65 /* UpgradeTableViewCell.xib */; };
		B497926A1A844756005174C1 /* AudioController.m in Sources */ = {isa = PBXBuildFile; fileRef = B49792691A844756005174C1 /* AudioController.m */; };
		B49792DD1A86CA24005174C1 /* Level1.mp3 in Resources */ = {isa = PBXBuildFile; fileRef = B49792DC1A86CA24005174C1 /* Level1.mp3 */; };
		B49792EE1A86E3AC005174C1 /* explosionTrimmed.caf in Resources */ = {isa = PBXBuildFile; fileRef = B49792ED1A86E3AC005174C1 /* explosionTrimmed.caf */; };
		B49792F21A86E617005174C1 /* explosionMineTrimmed.caf in Resources */ = {isa = PBXBuildFile; fileRef = B49792F11A86E617005174C1 /* explosionMineTrimmed.caf */; };
		B49792F81A86F632005174C1 /* activateShieldTrimmed.caf in Resources */ = {isa = PBXBuildFile; fileRef = B49792F71A86F632005174C1 /* activateShieldTrimmed.caf */; };
		B49792FA1A86F638005174C1 /* deactivateShieldTrimmed.caf in Resources */ = {isa = PBXBuildFile; fileRef = B49792F91A86F638005174C1 /* deactivateShieldTrimmed.caf */; };
		B4A792A7191C2B92005317AD /* GameKit.framework in Frameworks */ = {isa = PBXBuildFile; fileRef = B4A792A6191C2B92005317AD /* GameKit.framework */; };
		B4D0732E19785F620028840D /* SpaceMine_CenterGlow_0@2x.png in Resources */ = {isa = PBXBuildFile; fileRef = B4D0732A19785F620028840D /* SpaceMine_CenterGlow_0@2x.png */; };
		B4D0732F19785F620028840D /* SpaceMine_ExplodingRing_0@2x.png in Resources */ = {isa = PBXBuildFile; fileRef = B4D0732B19785F620028840D /* SpaceMine_ExplodingRing_0@2x.png */; };
		B4D0733019785F620028840D /* SpaceMine_LargeGlow_0@2x.png in Resources */ = {isa = PBXBuildFile; fileRef = B4D0732C19785F620028840D /* SpaceMine_LargeGlow_0@2x.png */; };
		B4D42E801AFEA10D00248BE8 /* ShipShield_Impact@2x.png in Resources */ = {isa = PBXBuildFile; fileRef = B4D42E7F1AFEA10D00248BE8 /* ShipShield_Impact@2x.png */; };
		B4D42E821AFEA11800248BE8 /* ShipShieldHit@2x.png in Resources */ = {isa = PBXBuildFile; fileRef = B4D42E811AFEA11800248BE8 /* ShipShieldHit@2x.png */; };
		B4D42E861AFEAC4100248BE8 /* upgrade.caf in Resources */ = {isa = PBXBuildFile; fileRef = B4D42E851AFEAC4100248BE8 /* upgrade.caf */; };
		B4D4B617191FFF4F00834942 /* Planet_0_0@2x.png in Resources */ = {isa = PBXBuildFile; fileRef = B4D4B603191FFF4F00834942 /* Planet_0_0@2x.png */; };
		B4D4B618191FFF4F00834942 /* Planet_0_1@2x.png in Resources */ = {isa = PBXBuildFile; fileRef = B4D4B604191FFF4F00834942 /* Planet_0_1@2x.png */; };
		B4D4B619191FFF4F00834942 /* Planet_0_2@2x.png in Resources */ = {isa = PBXBuildFile; fileRef = B4D4B605191FFF4F00834942 /* Planet_0_2@2x.png */; };
		B4D4B61A191FFF4F00834942 /* Planet_0_3@2x.png in Resources */ = {isa = PBXBuildFile; fileRef = B4D4B606191FFF4F00834942 /* Planet_0_3@2x.png */; };
		B4D4B61B191FFF4F00834942 /* Planet_1_0@2x.png in Resources */ = {isa = PBXBuildFile; fileRef = B4D4B607191FFF4F00834942 /* Planet_1_0@2x.png */; };
		B4D4B61C191FFF4F00834942 /* Planet_1_1@2x.png in Resources */ = {isa = PBXBuildFile; fileRef = B4D4B608191FFF4F00834942 /* Planet_1_1@2x.png */; };
		B4D4B61D191FFF4F00834942 /* Planet_1_2@2x.png in Resources */ = {isa = PBXBuildFile; fileRef = B4D4B609191FFF4F00834942 /* Planet_1_2@2x.png */; };
		B4D4B61E191FFF4F00834942 /* Planet_1_3@2x.png in Resources */ = {isa = PBXBuildFile; fileRef = B4D4B60A191FFF4F00834942 /* Planet_1_3@2x.png */; };
		B4D4B61F191FFF4F00834942 /* Planet_2_0@2x.png in Resources */ = {isa = PBXBuildFile; fileRef = B4D4B60B191FFF4F00834942 /* Planet_2_0@2x.png */; };
		B4D4B620191FFF4F00834942 /* Planet_2_1@2x.png in Resources */ = {isa = PBXBuildFile; fileRef = B4D4B60C191FFF4F00834942 /* Planet_2_1@2x.png */; };
		B4D4B621191FFF4F00834942 /* Planet_2_2@2x.png in Resources */ = {isa = PBXBuildFile; fileRef = B4D4B60D191FFF4F00834942 /* Planet_2_2@2x.png */; };
		B4D4B622191FFF4F00834942 /* Planet_2_3@2x.png in Resources */ = {isa = PBXBuildFile; fileRef = B4D4B60E191FFF4F00834942 /* Planet_2_3@2x.png */; };
		B4D4B623191FFF4F00834942 /* Planet_3_0@2x.png in Resources */ = {isa = PBXBuildFile; fileRef = B4D4B60F191FFF4F00834942 /* Planet_3_0@2x.png */; };
		B4D4B624191FFF4F00834942 /* Planet_3_2@2x.png in Resources */ = {isa = PBXBuildFile; fileRef = B4D4B610191FFF4F00834942 /* Planet_3_2@2x.png */; };
		B4D4B625191FFF4F00834942 /* Planet_3_1@2x.png in Resources */ = {isa = PBXBuildFile; fileRef = B4D4B611191FFF4F00834942 /* Planet_3_1@2x.png */; };
		B4D4B626191FFF4F00834942 /* Planet_3_3@2x.png in Resources */ = {isa = PBXBuildFile; fileRef = B4D4B612191FFF4F00834942 /* Planet_3_3@2x.png */; };
		B4D4B627191FFF4F00834942 /* Planet_4_2@2x.png in Resources */ = {isa = PBXBuildFile; fileRef = B4D4B613191FFF4F00834942 /* Planet_4_2@2x.png */; };
		B4D4B628191FFF4F00834942 /* Planet_4_1@2x.png in Resources */ = {isa = PBXBuildFile; fileRef = B4D4B614191FFF4F00834942 /* Planet_4_1@2x.png */; };
		B4D4B629191FFF4F00834942 /* Planet_4_0@2x.png in Resources */ = {isa = PBXBuildFile; fileRef = B4D4B615191FFF4F00834942 /* Planet_4_0@2x.png */; };
		B4D4B62A191FFF4F00834942 /* Planet_4_3@2x.png in Resources */ = {isa = PBXBuildFile; fileRef = B4D4B616191FFF4F00834942 /* Planet_4_3@2x.png */; };
		B4DAAF74193F54A200BE03C9 /* Crashlytics.framework in Frameworks */ = {isa = PBXBuildFile; fileRef = B4DAAF73193F54A200BE03C9 /* Crashlytics.framework */; };
		B4E221CD192EB356003947B7 /* ShieldPowerUp_Animated@2x.png in Resources */ = {isa = PBXBuildFile; fileRef = B4E221C9192EB356003947B7 /* ShieldPowerUp_Animated@2x.png */; };
		B4E221CE192EB356003947B7 /* ShieldPowerUp@2x.png in Resources */ = {isa = PBXBuildFile; fileRef = B4E221CA192EB356003947B7 /* ShieldPowerUp@2x.png */; };
		B4E221D0192EB356003947B7 /* ShipShield@2x.png in Resources */ = {isa = PBXBuildFile; fileRef = B4E221CC192EB356003947B7 /* ShipShield@2x.png */; };
		B4E221D2192EB3C6003947B7 /* ShipShield_Pop@2x.png in Resources */ = {isa = PBXBuildFile; fileRef = B4E221D1192EB3C6003947B7 /* ShipShield_Pop@2x.png */; };
		E128D1F81A6DDB9600856772 /* Background0.atlas in Resources */ = {isa = PBXBuildFile; fileRef = E128D1F61A6DDB9600856772 /* Background0.atlas */; };
		E128D1F91A6DDB9600856772 /* Background1.atlas in Resources */ = {isa = PBXBuildFile; fileRef = E128D1F71A6DDB9600856772 /* Background1.atlas */; };
		E14F49AA19E41F0A008B727A /* Accelerate.framework in Frameworks */ = {isa = PBXBuildFile; fileRef = E14F49A919E41F0A008B727A /* Accelerate.framework */; };
		E1D4EDF51A5B5E5900676C17 /* DCRoundSwitch.m in Sources */ = {isa = PBXBuildFile; fileRef = E1D4EDEE1A5B5E5900676C17 /* DCRoundSwitch.m */; };
		E1D4EDF61A5B5E5900676C17 /* DCRoundSwitchKnobLayer.m in Sources */ = {isa = PBXBuildFile; fileRef = E1D4EDF01A5B5E5900676C17 /* DCRoundSwitchKnobLayer.m */; };
		E1D4EDF71A5B5E5900676C17 /* DCRoundSwitchOutlineLayer.m in Sources */ = {isa = PBXBuildFile; fileRef = E1D4EDF21A5B5E5900676C17 /* DCRoundSwitchOutlineLayer.m */; };
		E1D4EDF81A5B5E5900676C17 /* DCRoundSwitchToggleLayer.m in Sources */ = {isa = PBXBuildFile; fileRef = E1D4EDF41A5B5E5900676C17 /* DCRoundSwitchToggleLayer.m */; };
/* End PBXBuildFile section */

/* Begin PBXContainerItemProxy section */
		B45FF15118CE8708001662CD /* PBXContainerItemProxy */ = {
			isa = PBXContainerItemProxy;
			containerPortal = B45FF11C18CE8708001662CD /* Project object */;
			proxyType = 1;
			remoteGlobalIDString = B45FF12318CE8708001662CD;
			remoteInfo = ABIMSIM;
		};
/* End PBXContainerItemProxy section */

/* Begin PBXFileReference section */
		B400F40E191AFCA100A483E2 /* UpgradeScene.h */ = {isa = PBXFileReference; fileEncoding = 4; lastKnownFileType = sourcecode.c.h; path = UpgradeScene.h; sourceTree = "<group>"; };
		B400F40F191AFCA100A483E2 /* UpgradeScene.m */ = {isa = PBXFileReference; fileEncoding = 4; lastKnownFileType = sourcecode.c.objc; path = UpgradeScene.m; sourceTree = "<group>"; };
		B405AA261AEC31E00053F794 /* Moki-Lean.otf */ = {isa = PBXFileReference; lastKnownFileType = file; path = "Moki-Lean.otf"; sourceTree = "<group>"; };
		B405AA2C1AEC3E8E0053F794 /* Background2.atlas */ = {isa = PBXFileReference; lastKnownFileType = folder.skatlas; path = Background2.atlas; sourceTree = "<group>"; };
		B405AA2E1AED54980053F794 /* gamePlay.caf */ = {isa = PBXFileReference; lastKnownFileType = file; path = gamePlay.caf; sourceTree = "<group>"; };
		B405AA321AED5F990053F794 /* asteroidSun.caf */ = {isa = PBXFileReference; lastKnownFileType = file; path = asteroidSun.caf; sourceTree = "<group>"; };
		B407A2281AD6358B00C87AC7 /* Planet_5_0@2x.png */ = {isa = PBXFileReference; lastKnownFileType = image.png; path = "Planet_5_0@2x.png"; sourceTree = "<group>"; };
		B407A2291AD6358B00C87AC7 /* Planet_5_1@2x.png */ = {isa = PBXFileReference; lastKnownFileType = image.png; path = "Planet_5_1@2x.png"; sourceTree = "<group>"; };
		B407A22A1AD6358B00C87AC7 /* Planet_5_2@2x.png */ = {isa = PBXFileReference; lastKnownFileType = image.png; path = "Planet_5_2@2x.png"; sourceTree = "<group>"; };
		B407A22B1AD6358B00C87AC7 /* Planet_5_3@2x.png */ = {isa = PBXFileReference; lastKnownFileType = image.png; path = "Planet_5_3@2x.png"; sourceTree = "<group>"; };
		B433585F1AF834FF00DB6444 /* SKNode+Removed.h */ = {isa = PBXFileReference; fileEncoding = 4; lastKnownFileType = sourcecode.c.h; path = "SKNode+Removed.h"; sourceTree = "<group>"; };
		B43358601AF834FF00DB6444 /* SKNode+Removed.m */ = {isa = PBXFileReference; fileEncoding = 4; lastKnownFileType = sourcecode.c.objc; path = "SKNode+Removed.m"; sourceTree = "<group>"; };
		B43F4D0B192ABB510000ACA4 /* AsteroidShield_1@2x.png */ = {isa = PBXFileReference; lastKnownFileType = image.png; path = "AsteroidShield_1@2x.png"; sourceTree = "<group>"; };
		B43F4D0D192ABB560000ACA4 /* AsteroidShield_Ring_1@2x.png */ = {isa = PBXFileReference; lastKnownFileType = image.png; path = "AsteroidShield_Ring_1@2x.png"; sourceTree = "<group>"; };
		B43F4D11192ABB6C0000ACA4 /* AsteroidShield_0@2x.png */ = {isa = PBXFileReference; lastKnownFileType = image.png; path = "AsteroidShield_0@2x.png"; sourceTree = "<group>"; };
		B43F4D15192ABB770000ACA4 /* AsteroidShield_Ring_0@2x.png */ = {isa = PBXFileReference; lastKnownFileType = image.png; path = "AsteroidShield_Ring_0@2x.png"; sourceTree = "<group>"; };
		B445413D1AD99D5600AA7A13 /* Planet_5_S@2x.png */ = {isa = PBXFileReference; lastKnownFileType = image.png; path = "Planet_5_S@2x.png"; sourceTree = "<group>"; };
		B4467173192D8C7700B4A8C7 /* AsteroidShield_Impact_1@2x.png */ = {isa = PBXFileReference; lastKnownFileType = image.png; path = "AsteroidShield_Impact_1@2x.png"; sourceTree = "<group>"; };
		B4467175192D8CC500B4A8C7 /* AsteroidShield_Impact_0@2x.png */ = {isa = PBXFileReference; lastKnownFileType = image.png; path = "AsteroidShield_Impact_0@2x.png"; sourceTree = "<group>"; };
		B4467177192D906400B4A8C7 /* AsteroidShield_Pop_0@2x.png */ = {isa = PBXFileReference; lastKnownFileType = image.png; path = "AsteroidShield_Pop_0@2x.png"; sourceTree = "<group>"; };
		B4467179192D906A00B4A8C7 /* AsteroidShield_Pop_1@2x.png */ = {isa = PBXFileReference; lastKnownFileType = image.png; path = "AsteroidShield_Pop_1@2x.png"; sourceTree = "<group>"; };
		B4557EC11AC0D4C8004E097E /* GameOverView.h */ = {isa = PBXFileReference; fileEncoding = 4; lastKnownFileType = sourcecode.c.h; path = GameOverView.h; sourceTree = "<group>"; };
		B4557EC21AC0D4C8004E097E /* GameOverView.m */ = {isa = PBXFileReference; fileEncoding = 4; lastKnownFileType = sourcecode.c.objc; path = GameOverView.m; sourceTree = "<group>"; };
		B4557EC41AC0D4DD004E097E /* GameOverView.xib */ = {isa = PBXFileReference; fileEncoding = 4; lastKnownFileType = file.xib; path = GameOverView.xib; sourceTree = "<group>"; };
		B4557EC61AC0DD95004E097E /* UIView+Screenshot.h */ = {isa = PBXFileReference; fileEncoding = 4; lastKnownFileType = sourcecode.c.h; path = "UIView+Screenshot.h"; sourceTree = "<group>"; };
		B4557EC71AC0DD95004E097E /* UIView+Screenshot.m */ = {isa = PBXFileReference; fileEncoding = 4; lastKnownFileType = sourcecode.c.objc; path = "UIView+Screenshot.m"; sourceTree = "<group>"; };
		B4557ECA1AC0DDF1004E097E /* UIImage+Effects.h */ = {isa = PBXFileReference; fileEncoding = 4; lastKnownFileType = sourcecode.c.h; path = "UIImage+Effects.h"; sourceTree = "<group>"; };
		B4557ECB1AC0DDF1004E097E /* UIImage+Effects.m */ = {isa = PBXFileReference; fileEncoding = 4; lastKnownFileType = sourcecode.c.objc; path = "UIImage+Effects.m"; sourceTree = "<group>"; };
		B4557ECD1AC0DE55004E097E /* SKScene+Unarchive.h */ = {isa = PBXFileReference; fileEncoding = 4; lastKnownFileType = sourcecode.c.h; path = "SKScene+Unarchive.h"; sourceTree = "<group>"; };
		B4557ECE1AC0DE55004E097E /* SKScene+Unarchive.m */ = {isa = PBXFileReference; fileEncoding = 4; lastKnownFileType = sourcecode.c.objc; path = "SKScene+Unarchive.m"; sourceTree = "<group>"; };
		B4557ED01AC0E8A3004E097E /* UIView+Fancy.h */ = {isa = PBXFileReference; fileEncoding = 4; lastKnownFileType = sourcecode.c.h; path = "UIView+Fancy.h"; sourceTree = "<group>"; };
		B4557ED11AC0E8A3004E097E /* UIView+Fancy.m */ = {isa = PBXFileReference; fileEncoding = 4; lastKnownFileType = sourcecode.c.objc; path = "UIView+Fancy.m"; sourceTree = "<group>"; };
		B4557ED31AC0EF47004E097E /* PausedView.h */ = {isa = PBXFileReference; fileEncoding = 4; lastKnownFileType = sourcecode.c.h; path = PausedView.h; sourceTree = "<group>"; };
		B4557ED41AC0EF47004E097E /* PausedView.m */ = {isa = PBXFileReference; fileEncoding = 4; lastKnownFileType = sourcecode.c.objc; path = PausedView.m; sourceTree = "<group>"; };
		B4557ED61AC0EF57004E097E /* PausedView.xib */ = {isa = PBXFileReference; fileEncoding = 4; lastKnownFileType = file.xib; path = PausedView.xib; sourceTree = "<group>"; };
		B4557EDA1AC37B8A004E097E /* SettingsView.xib */ = {isa = PBXFileReference; fileEncoding = 4; lastKnownFileType = file.xib; path = SettingsView.xib; sourceTree = "<group>"; };
		B4557EDC1AC37C5A004E097E /* SettingsView.h */ = {isa = PBXFileReference; fileEncoding = 4; lastKnownFileType = sourcecode.c.h; path = SettingsView.h; sourceTree = "<group>"; };
		B4557EDD1AC37C5A004E097E /* SettingsView.m */ = {isa = PBXFileReference; fileEncoding = 4; lastKnownFileType = sourcecode.c.objc; path = SettingsView.m; sourceTree = "<group>"; };
		B4557EDF1AC3B24D004E097E /* MainMenuView.xib */ = {isa = PBXFileReference; fileEncoding = 4; lastKnownFileType = file.xib; path = MainMenuView.xib; sourceTree = "<group>"; };
		B4557EE11AC3B26B004E097E /* MainMenuView.h */ = {isa = PBXFileReference; fileEncoding = 4; lastKnownFileType = sourcecode.c.h; path = MainMenuView.h; sourceTree = "<group>"; };
		B4557EE21AC3B26B004E097E /* MainMenuView.m */ = {isa = PBXFileReference; fileEncoding = 4; lastKnownFileType = sourcecode.c.objc; path = MainMenuView.m; sourceTree = "<group>"; };
		B45865EA18DA3ACA005C9566 /* HexColor.h */ = {isa = PBXFileReference; fileEncoding = 4; lastKnownFileType = sourcecode.c.h; path = HexColor.h; sourceTree = "<group>"; };
		B45865EB18DA3ACA005C9566 /* HexColor.m */ = {isa = PBXFileReference; fileEncoding = 4; lastKnownFileType = sourcecode.c.objc; path = HexColor.m; sourceTree = "<group>"; };
		B45CA2481B25F5CD001E07D9 /* MKStoreKit.h */ = {isa = PBXFileReference; fileEncoding = 4; lastKnownFileType = sourcecode.c.h; path = MKStoreKit.h; sourceTree = "<group>"; };
		B45CA2491B25F5CD001E07D9 /* MKStoreKit.m */ = {isa = PBXFileReference; fileEncoding = 4; lastKnownFileType = sourcecode.c.objc; path = MKStoreKit.m; sourceTree = "<group>"; };
		B45CA24B1B25F5D5001E07D9 /* StoreKit.framework */ = {isa = PBXFileReference; lastKnownFileType = wrapper.framework; name = StoreKit.framework; path = System/Library/Frameworks/StoreKit.framework; sourceTree = SDKROOT; };
		B45CA24D1B25F94E001E07D9 /* MKStoreKitConfigs.plist */ = {isa = PBXFileReference; fileEncoding = 4; lastKnownFileType = text.plist.xml; path = MKStoreKitConfigs.plist; sourceTree = "<group>"; };
		B45CA24F1B25FBD9001E07D9 /* IAPView.h */ = {isa = PBXFileReference; fileEncoding = 4; lastKnownFileType = sourcecode.c.h; path = IAPView.h; sourceTree = "<group>"; };
		B45CA2501B25FBD9001E07D9 /* IAPView.m */ = {isa = PBXFileReference; fileEncoding = 4; lastKnownFileType = sourcecode.c.objc; path = IAPView.m; sourceTree = "<group>"; };
		B45CA2521B25FBE8001E07D9 /* IAPView.xib */ = {isa = PBXFileReference; fileEncoding = 4; lastKnownFileType = file.xib; path = IAPView.xib; sourceTree = "<group>"; };
		B45FF12418CE8708001662CD /* ABIMSIM.app */ = {isa = PBXFileReference; explicitFileType = wrapper.application; includeInIndex = 0; path = ABIMSIM.app; sourceTree = BUILT_PRODUCTS_DIR; };
		B45FF12718CE8708001662CD /* Foundation.framework */ = {isa = PBXFileReference; lastKnownFileType = wrapper.framework; name = Foundation.framework; path = System/Library/Frameworks/Foundation.framework; sourceTree = SDKROOT; };
		B45FF12918CE8708001662CD /* CoreGraphics.framework */ = {isa = PBXFileReference; lastKnownFileType = wrapper.framework; name = CoreGraphics.framework; path = System/Library/Frameworks/CoreGraphics.framework; sourceTree = SDKROOT; };
		B45FF12B18CE8708001662CD /* UIKit.framework */ = {isa = PBXFileReference; lastKnownFileType = wrapper.framework; name = UIKit.framework; path = System/Library/Frameworks/UIKit.framework; sourceTree = SDKROOT; };
		B45FF12D18CE8708001662CD /* SpriteKit.framework */ = {isa = PBXFileReference; lastKnownFileType = wrapper.framework; name = SpriteKit.framework; path = System/Library/Frameworks/SpriteKit.framework; sourceTree = SDKROOT; };
		B45FF13118CE8708001662CD /* ABIMSIM-Info.plist */ = {isa = PBXFileReference; lastKnownFileType = text.plist.xml; path = "ABIMSIM-Info.plist"; sourceTree = "<group>"; };
		B45FF13318CE8708001662CD /* en */ = {isa = PBXFileReference; lastKnownFileType = text.plist.strings; name = en; path = en.lproj/InfoPlist.strings; sourceTree = "<group>"; };
		B45FF13518CE8708001662CD /* main.m */ = {isa = PBXFileReference; lastKnownFileType = sourcecode.c.objc; path = main.m; sourceTree = "<group>"; };
		B45FF13718CE8708001662CD /* ABIMSIM-Prefix.pch */ = {isa = PBXFileReference; lastKnownFileType = sourcecode.c.h; path = "ABIMSIM-Prefix.pch"; sourceTree = "<group>"; };
		B45FF13818CE8708001662CD /* AppDelegate.h */ = {isa = PBXFileReference; lastKnownFileType = sourcecode.c.h; path = AppDelegate.h; sourceTree = "<group>"; };
		B45FF13918CE8708001662CD /* AppDelegate.m */ = {isa = PBXFileReference; lastKnownFileType = sourcecode.c.objc; path = AppDelegate.m; sourceTree = "<group>"; };
		B45FF13C18CE8708001662CD /* Base */ = {isa = PBXFileReference; lastKnownFileType = file.storyboard; name = Base; path = Base.lproj/Main.storyboard; sourceTree = "<group>"; };
		B45FF13E18CE8708001662CD /* ViewController.h */ = {isa = PBXFileReference; lastKnownFileType = sourcecode.c.h; path = ViewController.h; sourceTree = "<group>"; };
		B45FF13F18CE8708001662CD /* ViewController.m */ = {isa = PBXFileReference; lastKnownFileType = sourcecode.c.objc; path = ViewController.m; sourceTree = "<group>"; };
		B45FF14118CE8708001662CD /* GameScene.h */ = {isa = PBXFileReference; lastKnownFileType = sourcecode.c.h; path = GameScene.h; sourceTree = "<group>"; };
		B45FF14218CE8708001662CD /* GameScene.m */ = {isa = PBXFileReference; lastKnownFileType = sourcecode.c.objc; path = GameScene.m; sourceTree = "<group>"; };
		B45FF14618CE8708001662CD /* Images.xcassets */ = {isa = PBXFileReference; lastKnownFileType = folder.assetcatalog; path = Images.xcassets; sourceTree = "<group>"; };
		B45FF14C18CE8708001662CD /* ABIMSIMTests.xctest */ = {isa = PBXFileReference; explicitFileType = wrapper.cfbundle; includeInIndex = 0; path = ABIMSIMTests.xctest; sourceTree = BUILT_PRODUCTS_DIR; };
		B45FF14D18CE8708001662CD /* XCTest.framework */ = {isa = PBXFileReference; lastKnownFileType = wrapper.framework; name = XCTest.framework; path = Library/Frameworks/XCTest.framework; sourceTree = DEVELOPER_DIR; };
		B45FF15518CE8708001662CD /* ABIMSIMTests-Info.plist */ = {isa = PBXFileReference; lastKnownFileType = text.plist.xml; path = "ABIMSIMTests-Info.plist"; sourceTree = "<group>"; };
		B45FF15718CE8708001662CD /* en */ = {isa = PBXFileReference; lastKnownFileType = text.plist.strings; name = en; path = en.lproj/InfoPlist.strings; sourceTree = "<group>"; };
		B45FF15918CE8708001662CD /* ABIMSIMTests.m */ = {isa = PBXFileReference; lastKnownFileType = sourcecode.c.objc; path = ABIMSIMTests.m; sourceTree = "<group>"; };
		B463639B1979EBA2007B657C /* SpaceMine_Friendly_0@2x.png */ = {isa = PBXFileReference; lastKnownFileType = image.png; path = "SpaceMine_Friendly_0@2x.png"; sourceTree = "<group>"; };
		B463639C1979EBA2007B657C /* SpaceMine_Friendly_1@2x.png */ = {isa = PBXFileReference; lastKnownFileType = image.png; path = "SpaceMine_Friendly_1@2x.png"; sourceTree = "<group>"; };
		B463639D1979EBA2007B657C /* SpaceMine_Friendly_2@2x.png */ = {isa = PBXFileReference; lastKnownFileType = image.png; path = "SpaceMine_Friendly_2@2x.png"; sourceTree = "<group>"; };
		B463639E1979EBA2007B657C /* SpaceMine_Friendly_3@2x.png */ = {isa = PBXFileReference; lastKnownFileType = image.png; path = "SpaceMine_Friendly_3@2x.png"; sourceTree = "<group>"; };
		B463639F1979EBA2007B657C /* SpaceMine_Friendly_4@2x.png */ = {isa = PBXFileReference; lastKnownFileType = image.png; path = "SpaceMine_Friendly_4@2x.png"; sourceTree = "<group>"; };
		B46363A01979EBA2007B657C /* SpaceMine_Friendly_5@2x.png */ = {isa = PBXFileReference; lastKnownFileType = image.png; path = "SpaceMine_Friendly_5@2x.png"; sourceTree = "<group>"; };
		B46363A11979EBA2007B657C /* SpaceMine_Friendly_6@2x.png */ = {isa = PBXFileReference; lastKnownFileType = image.png; path = "SpaceMine_Friendly_6@2x.png"; sourceTree = "<group>"; };
		B46363A21979EBA2007B657C /* SpaceMine_Friendly_7@2x.png */ = {isa = PBXFileReference; lastKnownFileType = image.png; path = "SpaceMine_Friendly_7@2x.png"; sourceTree = "<group>"; };
		B46363A31979EBA2007B657C /* SpaceMine_Friendly_8@2x.png */ = {isa = PBXFileReference; lastKnownFileType = image.png; path = "SpaceMine_Friendly_8@2x.png"; sourceTree = "<group>"; };
		B47244411ACB710C002A8B4B /* BlackHole.h */ = {isa = PBXFileReference; fileEncoding = 4; lastKnownFileType = sourcecode.c.h; path = BlackHole.h; sourceTree = "<group>"; };
		B47244421ACB710C002A8B4B /* BlackHole.m */ = {isa = PBXFileReference; fileEncoding = 4; lastKnownFileType = sourcecode.c.objc; path = BlackHole.m; sourceTree = "<group>"; };
		B47244441ACB717A002A8B4B /* PhysicsContstants.h */ = {isa = PBXFileReference; fileEncoding = 4; lastKnownFileType = sourcecode.c.h; path = PhysicsContstants.h; sourceTree = "<group>"; };
		B47244461ACB71F8002A8B4B /* BaseSprite.h */ = {isa = PBXFileReference; fileEncoding = 4; lastKnownFileType = sourcecode.c.h; path = BaseSprite.h; sourceTree = "<group>"; };
		B47244471ACB71F8002A8B4B /* BaseSprite.m */ = {isa = PBXFileReference; fileEncoding = 4; lastKnownFileType = sourcecode.c.objc; path = BaseSprite.m; sourceTree = "<group>"; };
		B472444A1ACB7596002A8B4B /* SpriteUserDataConstants.h */ = {isa = PBXFileReference; lastKnownFileType = sourcecode.c.h; path = SpriteUserDataConstants.h; sourceTree = "<group>"; };
		B472444B1ACE0433002A8B4B /* UpgradesView.h */ = {isa = PBXFileReference; fileEncoding = 4; lastKnownFileType = sourcecode.c.h; path = UpgradesView.h; sourceTree = "<group>"; };
		B472444C1ACE0433002A8B4B /* UpgradesView.m */ = {isa = PBXFileReference; fileEncoding = 4; lastKnownFileType = sourcecode.c.objc; path = UpgradesView.m; sourceTree = "<group>"; };
		B472444E1ACE0441002A8B4B /* UpgradesView.xib */ = {isa = PBXFileReference; fileEncoding = 4; lastKnownFileType = file.xib; path = UpgradesView.xib; sourceTree = "<group>"; };
		B47923DB19157805002B8467 /* Voltaire-Regular.ttf */ = {isa = PBXFileReference; lastKnownFileType = file; path = "Voltaire-Regular.ttf"; sourceTree = "<group>"; };
		B47BCFC61921879000C22D22 /* Social.framework */ = {isa = PBXFileReference; lastKnownFileType = wrapper.framework; name = Social.framework; path = System/Library/Frameworks/Social.framework; sourceTree = SDKROOT; };
		B47E22C118DBA7E200F42EBB /* Asteroid_0@2x.png */ = {isa = PBXFileReference; lastKnownFileType = image.png; path = "Asteroid_0@2x.png"; sourceTree = "<group>"; };
		B47E22C218DBA7E200F42EBB /* Asteroid_1@2x.png */ = {isa = PBXFileReference; lastKnownFileType = image.png; path = "Asteroid_1@2x.png"; sourceTree = "<group>"; };
		B47E22C318DBA7E200F42EBB /* Asteroid_2@2x.png */ = {isa = PBXFileReference; lastKnownFileType = image.png; path = "Asteroid_2@2x.png"; sourceTree = "<group>"; };
		B47E22C418DBA7E200F42EBB /* Asteroid_3@2x.png */ = {isa = PBXFileReference; lastKnownFileType = image.png; path = "Asteroid_3@2x.png"; sourceTree = "<group>"; };
		B47E22C518DBA7E200F42EBB /* Asteroid_4@2x.png */ = {isa = PBXFileReference; lastKnownFileType = image.png; path = "Asteroid_4@2x.png"; sourceTree = "<group>"; };
		B47E22C618DBA7E200F42EBB /* Asteroid_5@2x.png */ = {isa = PBXFileReference; lastKnownFileType = image.png; path = "Asteroid_5@2x.png"; sourceTree = "<group>"; };
		B47E22C718DBA7E200F42EBB /* Asteroid_6@2x.png */ = {isa = PBXFileReference; lastKnownFileType = image.png; path = "Asteroid_6@2x.png"; sourceTree = "<group>"; };
		B47E22C818DBA7E200F42EBB /* Asteroid_7@2x.png */ = {isa = PBXFileReference; lastKnownFileType = image.png; path = "Asteroid_7@2x.png"; sourceTree = "<group>"; };
		B47E22C918DBA7E200F42EBB /* Asteroid_8@2x.png */ = {isa = PBXFileReference; lastKnownFileType = image.png; path = "Asteroid_8@2x.png"; sourceTree = "<group>"; };
		B47E22CA18DBA7E200F42EBB /* Asteroid_9@2x.png */ = {isa = PBXFileReference; lastKnownFileType = image.png; path = "Asteroid_9@2x.png"; sourceTree = "<group>"; };
		B47E22CB18DBA7E200F42EBB /* Asteroid_10@2x.png */ = {isa = PBXFileReference; lastKnownFileType = image.png; path = "Asteroid_10@2x.png"; sourceTree = "<group>"; };
		B47E22CC18DBA7E200F42EBB /* Asteroid_11@2x.png */ = {isa = PBXFileReference; lastKnownFileType = image.png; path = "Asteroid_11@2x.png"; sourceTree = "<group>"; };
		B48AA3841AD043C80054CC65 /* UpgradeTableViewCell.h */ = {isa = PBXFileReference; fileEncoding = 4; lastKnownFileType = sourcecode.c.h; path = UpgradeTableViewCell.h; sourceTree = "<group>"; };
		B48AA3851AD043C80054CC65 /* UpgradeTableViewCell.m */ = {isa = PBXFileReference; fileEncoding = 4; lastKnownFileType = sourcecode.c.objc; path = UpgradeTableViewCell.m; sourceTree = "<group>"; };
		B48AA3861AD043C80054CC65 /* UpgradeTableViewCell.xib */ = {isa = PBXFileReference; fileEncoding = 4; lastKnownFileType = file.xib; path = UpgradeTableViewCell.xib; sourceTree = "<group>"; };
		B49792681A844756005174C1 /* AudioController.h */ = {isa = PBXFileReference; fileEncoding = 4; lastKnownFileType = sourcecode.c.h; path = AudioController.h; sourceTree = "<group>"; };
		B49792691A844756005174C1 /* AudioController.m */ = {isa = PBXFileReference; fileEncoding = 4; lastKnownFileType = sourcecode.c.objc; path = AudioController.m; sourceTree = "<group>"; };
		B49792DC1A86CA24005174C1 /* Level1.mp3 */ = {isa = PBXFileReference; lastKnownFileType = audio.mp3; path = Level1.mp3; sourceTree = "<group>"; };
		B49792ED1A86E3AC005174C1 /* explosionTrimmed.caf */ = {isa = PBXFileReference; lastKnownFileType = file; path = explosionTrimmed.caf; sourceTree = "<group>"; };
		B49792F11A86E617005174C1 /* explosionMineTrimmed.caf */ = {isa = PBXFileReference; lastKnownFileType = file; path = explosionMineTrimmed.caf; sourceTree = "<group>"; };
		B49792F71A86F632005174C1 /* activateShieldTrimmed.caf */ = {isa = PBXFileReference; lastKnownFileType = file; path = activateShieldTrimmed.caf; sourceTree = "<group>"; };
		B49792F91A86F638005174C1 /* deactivateShieldTrimmed.caf */ = {isa = PBXFileReference; lastKnownFileType = file; path = deactivateShieldTrimmed.caf; sourceTree = "<group>"; };
		B4A792A6191C2B92005317AD /* GameKit.framework */ = {isa = PBXFileReference; lastKnownFileType = wrapper.framework; name = GameKit.framework; path = System/Library/Frameworks/GameKit.framework; sourceTree = SDKROOT; };
		B4D0732A19785F620028840D /* SpaceMine_CenterGlow_0@2x.png */ = {isa = PBXFileReference; lastKnownFileType = image.png; path = "SpaceMine_CenterGlow_0@2x.png"; sourceTree = "<group>"; };
		B4D0732B19785F620028840D /* SpaceMine_ExplodingRing_0@2x.png */ = {isa = PBXFileReference; lastKnownFileType = image.png; path = "SpaceMine_ExplodingRing_0@2x.png"; sourceTree = "<group>"; };
		B4D0732C19785F620028840D /* SpaceMine_LargeGlow_0@2x.png */ = {isa = PBXFileReference; lastKnownFileType = image.png; path = "SpaceMine_LargeGlow_0@2x.png"; sourceTree = "<group>"; };
		B4D42E7F1AFEA10D00248BE8 /* ShipShield_Impact@2x.png */ = {isa = PBXFileReference; lastKnownFileType = image.png; path = "ShipShield_Impact@2x.png"; sourceTree = "<group>"; };
		B4D42E811AFEA11800248BE8 /* ShipShieldHit@2x.png */ = {isa = PBXFileReference; lastKnownFileType = image.png; path = "ShipShieldHit@2x.png"; sourceTree = "<group>"; };
		B4D42E851AFEAC4100248BE8 /* upgrade.caf */ = {isa = PBXFileReference; lastKnownFileType = file; path = upgrade.caf; sourceTree = "<group>"; };
		B4D4B603191FFF4F00834942 /* Planet_0_0@2x.png */ = {isa = PBXFileReference; lastKnownFileType = image.png; path = "Planet_0_0@2x.png"; sourceTree = "<group>"; };
		B4D4B604191FFF4F00834942 /* Planet_0_1@2x.png */ = {isa = PBXFileReference; lastKnownFileType = image.png; path = "Planet_0_1@2x.png"; sourceTree = "<group>"; };
		B4D4B605191FFF4F00834942 /* Planet_0_2@2x.png */ = {isa = PBXFileReference; lastKnownFileType = image.png; path = "Planet_0_2@2x.png"; sourceTree = "<group>"; };
		B4D4B606191FFF4F00834942 /* Planet_0_3@2x.png */ = {isa = PBXFileReference; lastKnownFileType = image.png; path = "Planet_0_3@2x.png"; sourceTree = "<group>"; };
		B4D4B607191FFF4F00834942 /* Planet_1_0@2x.png */ = {isa = PBXFileReference; lastKnownFileType = image.png; path = "Planet_1_0@2x.png"; sourceTree = "<group>"; };
		B4D4B608191FFF4F00834942 /* Planet_1_1@2x.png */ = {isa = PBXFileReference; lastKnownFileType = image.png; path = "Planet_1_1@2x.png"; sourceTree = "<group>"; };
		B4D4B609191FFF4F00834942 /* Planet_1_2@2x.png */ = {isa = PBXFileReference; lastKnownFileType = image.png; path = "Planet_1_2@2x.png"; sourceTree = "<group>"; };
		B4D4B60A191FFF4F00834942 /* Planet_1_3@2x.png */ = {isa = PBXFileReference; lastKnownFileType = image.png; path = "Planet_1_3@2x.png"; sourceTree = "<group>"; };
		B4D4B60B191FFF4F00834942 /* Planet_2_0@2x.png */ = {isa = PBXFileReference; lastKnownFileType = image.png; path = "Planet_2_0@2x.png"; sourceTree = "<group>"; };
		B4D4B60C191FFF4F00834942 /* Planet_2_1@2x.png */ = {isa = PBXFileReference; lastKnownFileType = image.png; path = "Planet_2_1@2x.png"; sourceTree = "<group>"; };
		B4D4B60D191FFF4F00834942 /* Planet_2_2@2x.png */ = {isa = PBXFileReference; lastKnownFileType = image.png; path = "Planet_2_2@2x.png"; sourceTree = "<group>"; };
		B4D4B60E191FFF4F00834942 /* Planet_2_3@2x.png */ = {isa = PBXFileReference; lastKnownFileType = image.png; path = "Planet_2_3@2x.png"; sourceTree = "<group>"; };
		B4D4B60F191FFF4F00834942 /* Planet_3_0@2x.png */ = {isa = PBXFileReference; lastKnownFileType = image.png; path = "Planet_3_0@2x.png"; sourceTree = "<group>"; };
		B4D4B610191FFF4F00834942 /* Planet_3_2@2x.png */ = {isa = PBXFileReference; lastKnownFileType = image.png; path = "Planet_3_2@2x.png"; sourceTree = "<group>"; };
		B4D4B611191FFF4F00834942 /* Planet_3_1@2x.png */ = {isa = PBXFileReference; lastKnownFileType = image.png; path = "Planet_3_1@2x.png"; sourceTree = "<group>"; };
		B4D4B612191FFF4F00834942 /* Planet_3_3@2x.png */ = {isa = PBXFileReference; lastKnownFileType = image.png; path = "Planet_3_3@2x.png"; sourceTree = "<group>"; };
		B4D4B613191FFF4F00834942 /* Planet_4_2@2x.png */ = {isa = PBXFileReference; lastKnownFileType = image.png; path = "Planet_4_2@2x.png"; sourceTree = "<group>"; };
		B4D4B614191FFF4F00834942 /* Planet_4_1@2x.png */ = {isa = PBXFileReference; lastKnownFileType = image.png; path = "Planet_4_1@2x.png"; sourceTree = "<group>"; };
		B4D4B615191FFF4F00834942 /* Planet_4_0@2x.png */ = {isa = PBXFileReference; lastKnownFileType = image.png; path = "Planet_4_0@2x.png"; sourceTree = "<group>"; };
		B4D4B616191FFF4F00834942 /* Planet_4_3@2x.png */ = {isa = PBXFileReference; lastKnownFileType = image.png; path = "Planet_4_3@2x.png"; sourceTree = "<group>"; };
		B4DAAF73193F54A200BE03C9 /* Crashlytics.framework */ = {isa = PBXFileReference; lastKnownFileType = wrapper.framework; path = Crashlytics.framework; sourceTree = "<group>"; };
		B4E221C9192EB356003947B7 /* ShieldPowerUp_Animated@2x.png */ = {isa = PBXFileReference; lastKnownFileType = image.png; path = "ShieldPowerUp_Animated@2x.png"; sourceTree = "<group>"; };
		B4E221CA192EB356003947B7 /* ShieldPowerUp@2x.png */ = {isa = PBXFileReference; lastKnownFileType = image.png; path = "ShieldPowerUp@2x.png"; sourceTree = "<group>"; };
		B4E221CC192EB356003947B7 /* ShipShield@2x.png */ = {isa = PBXFileReference; lastKnownFileType = image.png; path = "ShipShield@2x.png"; sourceTree = "<group>"; };
		B4E221D1192EB3C6003947B7 /* ShipShield_Pop@2x.png */ = {isa = PBXFileReference; lastKnownFileType = image.png; path = "ShipShield_Pop@2x.png"; sourceTree = "<group>"; };
		E128D1F61A6DDB9600856772 /* Background0.atlas */ = {isa = PBXFileReference; lastKnownFileType = folder.skatlas; path = Background0.atlas; sourceTree = "<group>"; };
		E128D1F71A6DDB9600856772 /* Background1.atlas */ = {isa = PBXFileReference; lastKnownFileType = folder.skatlas; path = Background1.atlas; sourceTree = "<group>"; };
		E14F49A919E41F0A008B727A /* Accelerate.framework */ = {isa = PBXFileReference; lastKnownFileType = wrapper.framework; name = Accelerate.framework; path = System/Library/Frameworks/Accelerate.framework; sourceTree = SDKROOT; };
		E1D4EDED1A5B5E5900676C17 /* DCRoundSwitch.h */ = {isa = PBXFileReference; fileEncoding = 4; lastKnownFileType = sourcecode.c.h; path = DCRoundSwitch.h; sourceTree = "<group>"; };
		E1D4EDEE1A5B5E5900676C17 /* DCRoundSwitch.m */ = {isa = PBXFileReference; fileEncoding = 4; lastKnownFileType = sourcecode.c.objc; path = DCRoundSwitch.m; sourceTree = "<group>"; };
		E1D4EDEF1A5B5E5900676C17 /* DCRoundSwitchKnobLayer.h */ = {isa = PBXFileReference; fileEncoding = 4; lastKnownFileType = sourcecode.c.h; path = DCRoundSwitchKnobLayer.h; sourceTree = "<group>"; };
		E1D4EDF01A5B5E5900676C17 /* DCRoundSwitchKnobLayer.m */ = {isa = PBXFileReference; fileEncoding = 4; lastKnownFileType = sourcecode.c.objc; path = DCRoundSwitchKnobLayer.m; sourceTree = "<group>"; };
		E1D4EDF11A5B5E5900676C17 /* DCRoundSwitchOutlineLayer.h */ = {isa = PBXFileReference; fileEncoding = 4; lastKnownFileType = sourcecode.c.h; path = DCRoundSwitchOutlineLayer.h; sourceTree = "<group>"; };
		E1D4EDF21A5B5E5900676C17 /* DCRoundSwitchOutlineLayer.m */ = {isa = PBXFileReference; fileEncoding = 4; lastKnownFileType = sourcecode.c.objc; path = DCRoundSwitchOutlineLayer.m; sourceTree = "<group>"; };
		E1D4EDF31A5B5E5900676C17 /* DCRoundSwitchToggleLayer.h */ = {isa = PBXFileReference; fileEncoding = 4; lastKnownFileType = sourcecode.c.h; path = DCRoundSwitchToggleLayer.h; sourceTree = "<group>"; };
		E1D4EDF41A5B5E5900676C17 /* DCRoundSwitchToggleLayer.m */ = {isa = PBXFileReference; fileEncoding = 4; lastKnownFileType = sourcecode.c.objc; path = DCRoundSwitchToggleLayer.m; sourceTree = "<group>"; };
/* End PBXFileReference section */

/* Begin PBXFrameworksBuildPhase section */
		B45FF12118CE8708001662CD /* Frameworks */ = {
			isa = PBXFrameworksBuildPhase;
			buildActionMask = 2147483647;
			files = (
				B45CA24C1B25F5D5001E07D9 /* StoreKit.framework in Frameworks */,
				E14F49AA19E41F0A008B727A /* Accelerate.framework in Frameworks */,
				B47BCFC71921879000C22D22 /* Social.framework in Frameworks */,
				B45FF12A18CE8708001662CD /* CoreGraphics.framework in Frameworks */,
				B45FF12C18CE8708001662CD /* UIKit.framework in Frameworks */,
				B45FF12E18CE8708001662CD /* SpriteKit.framework in Frameworks */,
				B45FF12818CE8708001662CD /* Foundation.framework in Frameworks */,
				B4A792A7191C2B92005317AD /* GameKit.framework in Frameworks */,
				B4DAAF74193F54A200BE03C9 /* Crashlytics.framework in Frameworks */,
			);
			runOnlyForDeploymentPostprocessing = 0;
		};
		B45FF14918CE8708001662CD /* Frameworks */ = {
			isa = PBXFrameworksBuildPhase;
			buildActionMask = 2147483647;
			files = (
				B45FF14E18CE8708001662CD /* XCTest.framework in Frameworks */,
				B45FF15018CE8708001662CD /* UIKit.framework in Frameworks */,
				B45FF14F18CE8708001662CD /* Foundation.framework in Frameworks */,
			);
			runOnlyForDeploymentPostprocessing = 0;
		};
/* End PBXFrameworksBuildPhase section */

/* Begin PBXGroup section */
		B43F4D09192ABB1D0000ACA4 /* Asteroids */ = {
			isa = PBXGroup;
			children = (
				B47E22C118DBA7E200F42EBB /* Asteroid_0@2x.png */,
				B47E22C218DBA7E200F42EBB /* Asteroid_1@2x.png */,
				B47E22C318DBA7E200F42EBB /* Asteroid_2@2x.png */,
				B47E22C418DBA7E200F42EBB /* Asteroid_3@2x.png */,
				B47E22C518DBA7E200F42EBB /* Asteroid_4@2x.png */,
				B47E22C618DBA7E200F42EBB /* Asteroid_5@2x.png */,
				B47E22C718DBA7E200F42EBB /* Asteroid_6@2x.png */,
				B47E22C818DBA7E200F42EBB /* Asteroid_7@2x.png */,
				B47E22C918DBA7E200F42EBB /* Asteroid_8@2x.png */,
				B47E22CA18DBA7E200F42EBB /* Asteroid_9@2x.png */,
				B47E22CB18DBA7E200F42EBB /* Asteroid_10@2x.png */,
				B47E22CC18DBA7E200F42EBB /* Asteroid_11@2x.png */,
			);
			name = Asteroids;
			sourceTree = "<group>";
		};
		B43F4D0A192ABB280000ACA4 /* Planets */ = {
			isa = PBXGroup;
			children = (
				B4D4B603191FFF4F00834942 /* Planet_0_0@2x.png */,
				B4D4B604191FFF4F00834942 /* Planet_0_1@2x.png */,
				B4D4B605191FFF4F00834942 /* Planet_0_2@2x.png */,
				B4D4B606191FFF4F00834942 /* Planet_0_3@2x.png */,
				B4D4B607191FFF4F00834942 /* Planet_1_0@2x.png */,
				B4D4B608191FFF4F00834942 /* Planet_1_1@2x.png */,
				B4D4B609191FFF4F00834942 /* Planet_1_2@2x.png */,
				B4D4B60A191FFF4F00834942 /* Planet_1_3@2x.png */,
				B4D4B60B191FFF4F00834942 /* Planet_2_0@2x.png */,
				B4D4B60C191FFF4F00834942 /* Planet_2_1@2x.png */,
				B4D4B60D191FFF4F00834942 /* Planet_2_2@2x.png */,
				B4D4B60E191FFF4F00834942 /* Planet_2_3@2x.png */,
				B4D4B60F191FFF4F00834942 /* Planet_3_0@2x.png */,
				B4D4B611191FFF4F00834942 /* Planet_3_1@2x.png */,
				B4D4B610191FFF4F00834942 /* Planet_3_2@2x.png */,
				B4D4B612191FFF4F00834942 /* Planet_3_3@2x.png */,
				B4D4B615191FFF4F00834942 /* Planet_4_0@2x.png */,
				B4D4B614191FFF4F00834942 /* Planet_4_1@2x.png */,
				B4D4B613191FFF4F00834942 /* Planet_4_2@2x.png */,
				B4D4B616191FFF4F00834942 /* Planet_4_3@2x.png */,
				B407A2281AD6358B00C87AC7 /* Planet_5_0@2x.png */,
				B407A2291AD6358B00C87AC7 /* Planet_5_1@2x.png */,
				B407A22A1AD6358B00C87AC7 /* Planet_5_2@2x.png */,
				B407A22B1AD6358B00C87AC7 /* Planet_5_3@2x.png */,
				B445413D1AD99D5600AA7A13 /* Planet_5_S@2x.png */,
			);
			name = Planets;
			sourceTree = "<group>";
		};
		B4467172192D8AAA00B4A8C7 /* Asteroid Shield */ = {
			isa = PBXGroup;
			children = (
				B43F4D11192ABB6C0000ACA4 /* AsteroidShield_0@2x.png */,
				B4467175192D8CC500B4A8C7 /* AsteroidShield_Impact_0@2x.png */,
				B43F4D15192ABB770000ACA4 /* AsteroidShield_Ring_0@2x.png */,
				B4467177192D906400B4A8C7 /* AsteroidShield_Pop_0@2x.png */,
				B43F4D0B192ABB510000ACA4 /* AsteroidShield_1@2x.png */,
				B4467173192D8C7700B4A8C7 /* AsteroidShield_Impact_1@2x.png */,
				B43F4D0D192ABB560000ACA4 /* AsteroidShield_Ring_1@2x.png */,
				B4467179192D906A00B4A8C7 /* AsteroidShield_Pop_1@2x.png */,
			);
			name = "Asteroid Shield";
			sourceTree = "<group>";
		};
		B44730081A714E7C0063B5EA /* Music */ = {
			isa = PBXGroup;
			children = (
				B4D42E851AFEAC4100248BE8 /* upgrade.caf */,
				B405AA321AED5F990053F794 /* asteroidSun.caf */,
				B49792F71A86F632005174C1 /* activateShieldTrimmed.caf */,
				B49792F91A86F638005174C1 /* deactivateShieldTrimmed.caf */,
				B49792F11A86E617005174C1 /* explosionMineTrimmed.caf */,
				B49792ED1A86E3AC005174C1 /* explosionTrimmed.caf */,
				B405AA2E1AED54980053F794 /* gamePlay.caf */,
				B49792DC1A86CA24005174C1 /* Level1.mp3 */,
			);
			name = Music;
			sourceTree = "<group>";
		};
		B4557EC01AC0D489004E097E /* Views */ = {
			isa = PBXGroup;
			children = (
				B4557EC11AC0D4C8004E097E /* GameOverView.h */,
				B4557EC21AC0D4C8004E097E /* GameOverView.m */,
				B4557EC41AC0D4DD004E097E /* GameOverView.xib */,
				B4557ED31AC0EF47004E097E /* PausedView.h */,
				B4557ED41AC0EF47004E097E /* PausedView.m */,
				B4557ED61AC0EF57004E097E /* PausedView.xib */,
				B4557EDC1AC37C5A004E097E /* SettingsView.h */,
				B4557EDD1AC37C5A004E097E /* SettingsView.m */,
				B4557EDA1AC37B8A004E097E /* SettingsView.xib */,
				B4557EE11AC3B26B004E097E /* MainMenuView.h */,
				B4557EE21AC3B26B004E097E /* MainMenuView.m */,
				B4557EDF1AC3B24D004E097E /* MainMenuView.xib */,
				B472444B1ACE0433002A8B4B /* UpgradesView.h */,
				B472444C1ACE0433002A8B4B /* UpgradesView.m */,
				B472444E1ACE0441002A8B4B /* UpgradesView.xib */,
				B48AA3841AD043C80054CC65 /* UpgradeTableViewCell.h */,
				B48AA3851AD043C80054CC65 /* UpgradeTableViewCell.m */,
				B48AA3861AD043C80054CC65 /* UpgradeTableViewCell.xib */,
				B45CA24F1B25FBD9001E07D9 /* IAPView.h */,
				B45CA2501B25FBD9001E07D9 /* IAPView.m */,
				B45CA2521B25FBE8001E07D9 /* IAPView.xib */,
			);
			name = Views;
			sourceTree = "<group>";
		};
		B4557EC91AC0DDD5004E097E /* Categories */ = {
			isa = PBXGroup;
			children = (
				B45865EA18DA3ACA005C9566 /* HexColor.h */,
				B45865EB18DA3ACA005C9566 /* HexColor.m */,
				B4557EC61AC0DD95004E097E /* UIView+Screenshot.h */,
				B4557EC71AC0DD95004E097E /* UIView+Screenshot.m */,
				B4557ECA1AC0DDF1004E097E /* UIImage+Effects.h */,
				B4557ECB1AC0DDF1004E097E /* UIImage+Effects.m */,
				B4557ECD1AC0DE55004E097E /* SKScene+Unarchive.h */,
				B4557ECE1AC0DE55004E097E /* SKScene+Unarchive.m */,
				B4557ED01AC0E8A3004E097E /* UIView+Fancy.h */,
				B4557ED11AC0E8A3004E097E /* UIView+Fancy.m */,
				B433585F1AF834FF00DB6444 /* SKNode+Removed.h */,
				B43358601AF834FF00DB6444 /* SKNode+Removed.m */,
			);
			name = Categories;
			sourceTree = "<group>";
		};
		B4557ED81AC0FEC6004E097E /* Controllers */ = {
			isa = PBXGroup;
			children = (
				B45FF13E18CE8708001662CD /* ViewController.h */,
				B45FF13F18CE8708001662CD /* ViewController.m */,
				B49792681A844756005174C1 /* AudioController.h */,
				B49792691A844756005174C1 /* AudioController.m */,
			);
			name = Controllers;
			sourceTree = "<group>";
		};
		B4557ED91AC0FEF8004E097E /* Scenes */ = {
			isa = PBXGroup;
			children = (
				B45FF14118CE8708001662CD /* GameScene.h */,
				B45FF14218CE8708001662CD /* GameScene.m */,
				B400F40E191AFCA100A483E2 /* UpgradeScene.h */,
				B400F40F191AFCA100A483E2 /* UpgradeScene.m */,
			);
			name = Scenes;
			sourceTree = "<group>";
		};
		B45865E718DA154F005C9566 /* Assets */ = {
			isa = PBXGroup;
			children = (
				B44730081A714E7C0063B5EA /* Music */,
				E128D1F61A6DDB9600856772 /* Background0.atlas */,
				E128D1F71A6DDB9600856772 /* Background1.atlas */,
				B405AA2C1AEC3E8E0053F794 /* Background2.atlas */,
				B47923DB19157805002B8467 /* Voltaire-Regular.ttf */,
				B405AA261AEC31E00053F794 /* Moki-Lean.otf */,
				B4E221BF192E7968003947B7 /* Ship */,
				B4467172192D8AAA00B4A8C7 /* Asteroid Shield */,
				B43F4D09192ABB1D0000ACA4 /* Asteroids */,
				B43F4D0A192ABB280000ACA4 /* Planets */,
				B4D0732819785F3C0028840D /* Space Mine */,
			);
			name = Assets;
			sourceTree = "<group>";
		};
		B45FF11B18CE8708001662CD = {
			isa = PBXGroup;
			children = (
				B45FF12F18CE8708001662CD /* ABIMSIM */,
				B45FF15318CE8708001662CD /* ABIMSIMTests */,
				B45FF12618CE8708001662CD /* Frameworks */,
				B45FF12518CE8708001662CD /* Products */,
			);
			sourceTree = "<group>";
		};
		B45FF12518CE8708001662CD /* Products */ = {
			isa = PBXGroup;
			children = (
				B45FF12418CE8708001662CD /* ABIMSIM.app */,
				B45FF14C18CE8708001662CD /* ABIMSIMTests.xctest */,
			);
			name = Products;
			sourceTree = "<group>";
		};
		B45FF12618CE8708001662CD /* Frameworks */ = {
			isa = PBXGroup;
			children = (
				B45CA24B1B25F5D5001E07D9 /* StoreKit.framework */,
				E14F49A919E41F0A008B727A /* Accelerate.framework */,
				B4DAAF73193F54A200BE03C9 /* Crashlytics.framework */,
				B47BCFC61921879000C22D22 /* Social.framework */,
				B4A792A6191C2B92005317AD /* GameKit.framework */,
				B45FF12718CE8708001662CD /* Foundation.framework */,
				B45FF12918CE8708001662CD /* CoreGraphics.framework */,
				B45FF12B18CE8708001662CD /* UIKit.framework */,
				B45FF12D18CE8708001662CD /* SpriteKit.framework */,
				B45FF14D18CE8708001662CD /* XCTest.framework */,
			);
			name = Frameworks;
			sourceTree = "<group>";
		};
		B45FF12F18CE8708001662CD /* ABIMSIM */ = {
			isa = PBXGroup;
			children = (
				B45CA2481B25F5CD001E07D9 /* MKStoreKit.h */,
				B45CA2491B25F5CD001E07D9 /* MKStoreKit.m */,
				B45CA24D1B25F94E001E07D9 /* MKStoreKitConfigs.plist */,
				B47244491ACB7576002A8B4B /* Constants */,
				B45FF13818CE8708001662CD /* AppDelegate.h */,
				B45FF13918CE8708001662CD /* AppDelegate.m */,
				B45FF13B18CE8708001662CD /* Main.storyboard */,
				B4557ED81AC0FEC6004E097E /* Controllers */,
				B4557EC01AC0D489004E097E /* Views */,
				B4557ED91AC0FEF8004E097E /* Scenes */,
				B47244401ACB70F2002A8B4B /* Sprites */,
				B4557EC91AC0DDD5004E097E /* Categories */,
				B45865E718DA154F005C9566 /* Assets */,
				E1D4EDEC1A5B5E5900676C17 /* DCRoundSwitch */,
				B45FF14618CE8708001662CD /* Images.xcassets */,
				B45FF13018CE8708001662CD /* Supporting Files */,
			);
			path = ABIMSIM;
			sourceTree = "<group>";
		};
		B45FF13018CE8708001662CD /* Supporting Files */ = {
			isa = PBXGroup;
			children = (
				B45FF13118CE8708001662CD /* ABIMSIM-Info.plist */,
				B45FF13218CE8708001662CD /* InfoPlist.strings */,
				B45FF13518CE8708001662CD /* main.m */,
				B45FF13718CE8708001662CD /* ABIMSIM-Prefix.pch */,
			);
			name = "Supporting Files";
			sourceTree = "<group>";
		};
		B45FF15318CE8708001662CD /* ABIMSIMTests */ = {
			isa = PBXGroup;
			children = (
				B45FF15918CE8708001662CD /* ABIMSIMTests.m */,
				B45FF15418CE8708001662CD /* Supporting Files */,
			);
			path = ABIMSIMTests;
			sourceTree = "<group>";
		};
		B45FF15418CE8708001662CD /* Supporting Files */ = {
			isa = PBXGroup;
			children = (
				B45FF15518CE8708001662CD /* ABIMSIMTests-Info.plist */,
				B45FF15618CE8708001662CD /* InfoPlist.strings */,
			);
			name = "Supporting Files";
			sourceTree = "<group>";
		};
		B47244401ACB70F2002A8B4B /* Sprites */ = {
			isa = PBXGroup;
			children = (
				B47244411ACB710C002A8B4B /* BlackHole.h */,
				B47244421ACB710C002A8B4B /* BlackHole.m */,
				B47244461ACB71F8002A8B4B /* BaseSprite.h */,
				B47244471ACB71F8002A8B4B /* BaseSprite.m */,
			);
			name = Sprites;
			sourceTree = "<group>";
		};
		B47244491ACB7576002A8B4B /* Constants */ = {
			isa = PBXGroup;
			children = (
				B47244441ACB717A002A8B4B /* PhysicsContstants.h */,
				B472444A1ACB7596002A8B4B /* SpriteUserDataConstants.h */,
			);
			name = Constants;
			sourceTree = "<group>";
		};
		B4D0732819785F3C0028840D /* Space Mine */ = {
			isa = PBXGroup;
			children = (
				B463639B1979EBA2007B657C /* SpaceMine_Friendly_0@2x.png */,
				B463639C1979EBA2007B657C /* SpaceMine_Friendly_1@2x.png */,
				B463639D1979EBA2007B657C /* SpaceMine_Friendly_2@2x.png */,
				B463639E1979EBA2007B657C /* SpaceMine_Friendly_3@2x.png */,
				B463639F1979EBA2007B657C /* SpaceMine_Friendly_4@2x.png */,
				B46363A01979EBA2007B657C /* SpaceMine_Friendly_5@2x.png */,
				B46363A11979EBA2007B657C /* SpaceMine_Friendly_6@2x.png */,
				B46363A21979EBA2007B657C /* SpaceMine_Friendly_7@2x.png */,
				B46363A31979EBA2007B657C /* SpaceMine_Friendly_8@2x.png */,
				B4D0732A19785F620028840D /* SpaceMine_CenterGlow_0@2x.png */,
				B4D0732B19785F620028840D /* SpaceMine_ExplodingRing_0@2x.png */,
				B4D0732C19785F620028840D /* SpaceMine_LargeGlow_0@2x.png */,
			);
			name = "Space Mine";
			sourceTree = "<group>";
		};
		B4E221BF192E7968003947B7 /* Ship */ = {
			isa = PBXGroup;
			children = (
				B4E221C9192EB356003947B7 /* ShieldPowerUp_Animated@2x.png */,
				B4E221CA192EB356003947B7 /* ShieldPowerUp@2x.png */,
				B4D42E7F1AFEA10D00248BE8 /* ShipShield_Impact@2x.png */,
				B4E221D1192EB3C6003947B7 /* ShipShield_Pop@2x.png */,
				B4E221CC192EB356003947B7 /* ShipShield@2x.png */,
				B4D42E811AFEA11800248BE8 /* ShipShieldHit@2x.png */,
			);
			name = Ship;
			sourceTree = "<group>";
		};
		E1D4EDEC1A5B5E5900676C17 /* DCRoundSwitch */ = {
			isa = PBXGroup;
			children = (
				E1D4EDED1A5B5E5900676C17 /* DCRoundSwitch.h */,
				E1D4EDEE1A5B5E5900676C17 /* DCRoundSwitch.m */,
				E1D4EDEF1A5B5E5900676C17 /* DCRoundSwitchKnobLayer.h */,
				E1D4EDF01A5B5E5900676C17 /* DCRoundSwitchKnobLayer.m */,
				E1D4EDF11A5B5E5900676C17 /* DCRoundSwitchOutlineLayer.h */,
				E1D4EDF21A5B5E5900676C17 /* DCRoundSwitchOutlineLayer.m */,
				E1D4EDF31A5B5E5900676C17 /* DCRoundSwitchToggleLayer.h */,
				E1D4EDF41A5B5E5900676C17 /* DCRoundSwitchToggleLayer.m */,
			);
			path = DCRoundSwitch;
			sourceTree = "<group>";
		};
/* End PBXGroup section */

/* Begin PBXNativeTarget section */
		B45FF12318CE8708001662CD /* ABIMSIM */ = {
			isa = PBXNativeTarget;
			buildConfigurationList = B45FF15D18CE8708001662CD /* Build configuration list for PBXNativeTarget "ABIMSIM" */;
			buildPhases = (
				B45FF12018CE8708001662CD /* Sources */,
				B45FF12118CE8708001662CD /* Frameworks */,
				B45FF12218CE8708001662CD /* Resources */,
				B4DAAF72193F548300BE03C9 /* ShellScript */,
			);
			buildRules = (
			);
			dependencies = (
			);
			name = ABIMSIM;
			productName = ABIMSIM;
			productReference = B45FF12418CE8708001662CD /* ABIMSIM.app */;
			productType = "com.apple.product-type.application";
		};
		B45FF14B18CE8708001662CD /* ABIMSIMTests */ = {
			isa = PBXNativeTarget;
			buildConfigurationList = B45FF16018CE8708001662CD /* Build configuration list for PBXNativeTarget "ABIMSIMTests" */;
			buildPhases = (
				B45FF14818CE8708001662CD /* Sources */,
				B45FF14918CE8708001662CD /* Frameworks */,
				B45FF14A18CE8708001662CD /* Resources */,
			);
			buildRules = (
			);
			dependencies = (
				B45FF15218CE8708001662CD /* PBXTargetDependency */,
			);
			name = ABIMSIMTests;
			productName = ABIMSIMTests;
			productReference = B45FF14C18CE8708001662CD /* ABIMSIMTests.xctest */;
			productType = "com.apple.product-type.bundle.unit-test";
		};
/* End PBXNativeTarget section */

/* Begin PBXProject section */
		B45FF11C18CE8708001662CD /* Project object */ = {
			isa = PBXProject;
			attributes = {
				LastUpgradeCheck = 0510;
				ORGANIZATIONNAME = "Kevin Yarmosh";
				TargetAttributes = {
					B45FF12318CE8708001662CD = {
						DevelopmentTeam = 6QXVXEAWF9;
						SystemCapabilities = {
							com.apple.BackgroundModes = {
								enabled = 0;
							};
							com.apple.GameCenter = {
								enabled = 1;
							};
							com.apple.InAppPurchase = {
								enabled = 1;
							};
						};
					};
					B45FF14B18CE8708001662CD = {
						DevelopmentTeam = 6QXVXEAWF9;
						TestTargetID = B45FF12318CE8708001662CD;
					};
				};
			};
			buildConfigurationList = B45FF11F18CE8708001662CD /* Build configuration list for PBXProject "ABIMSIM" */;
			compatibilityVersion = "Xcode 3.2";
			developmentRegion = English;
			hasScannedForEncodings = 0;
			knownRegions = (
				en,
				Base,
			);
			mainGroup = B45FF11B18CE8708001662CD;
			productRefGroup = B45FF12518CE8708001662CD /* Products */;
			projectDirPath = "";
			projectRoot = "";
			targets = (
				B45FF12318CE8708001662CD /* ABIMSIM */,
				B45FF14B18CE8708001662CD /* ABIMSIMTests */,
			);
		};
/* End PBXProject section */

/* Begin PBXResourcesBuildPhase section */
		B45FF12218CE8708001662CD /* Resources */ = {
			isa = PBXResourcesBuildPhase;
			buildActionMask = 2147483647;
			files = (
				B4D4B621191FFF4F00834942 /* Planet_2_2@2x.png in Resources */,
				B45FF13418CE8708001662CD /* InfoPlist.strings in Resources */,
				B47E22D618DBA7E200F42EBB /* Asteroid_9@2x.png in Resources */,
				B49792EE1A86E3AC005174C1 /* explosionTrimmed.caf in Resources */,
				B4D4B619191FFF4F00834942 /* Planet_0_2@2x.png in Resources */,
				B46363A91979EBA2007B657C /* SpaceMine_Friendly_5@2x.png in Resources */,
				B446717A192D906A00B4A8C7 /* AsteroidShield_Pop_1@2x.png in Resources */,
				B43F4D16192ABB770000ACA4 /* AsteroidShield_Ring_0@2x.png in Resources */,
				B445413E1AD99D5600AA7A13 /* Planet_5_S@2x.png in Resources */,
				B46363A71979EBA2007B657C /* SpaceMine_Friendly_3@2x.png in Resources */,
				B47E22CE18DBA7E200F42EBB /* Asteroid_1@2x.png in Resources */,
				B47E22D118DBA7E200F42EBB /* Asteroid_4@2x.png in Resources */,
				B405AA2F1AED54980053F794 /* gamePlay.caf in Resources */,
				B4D4B623191FFF4F00834942 /* Planet_3_0@2x.png in Resources */,
				B4D0732E19785F620028840D /* SpaceMine_CenterGlow_0@2x.png in Resources */,
				B49792F21A86E617005174C1 /* explosionMineTrimmed.caf in Resources */,
				B4557ED71AC0EF57004E097E /* PausedView.xib in Resources */,
				B4D4B629191FFF4F00834942 /* Planet_4_0@2x.png in Resources */,
				B4D0733019785F620028840D /* SpaceMine_LargeGlow_0@2x.png in Resources */,
				B4E221CE192EB356003947B7 /* ShieldPowerUp@2x.png in Resources */,
				B46363A51979EBA2007B657C /* SpaceMine_Friendly_1@2x.png in Resources */,
				B4D4B618191FFF4F00834942 /* Planet_0_1@2x.png in Resources */,
				B4D4B620191FFF4F00834942 /* Planet_2_1@2x.png in Resources */,
				B4D4B628191FFF4F00834942 /* Planet_4_1@2x.png in Resources */,
				B4557EDB1AC37B8A004E097E /* SettingsView.xib in Resources */,
				B4D4B61A191FFF4F00834942 /* Planet_0_3@2x.png in Resources */,
				B4D4B624191FFF4F00834942 /* Planet_3_2@2x.png in Resources */,
				B49792F81A86F632005174C1 /* activateShieldTrimmed.caf in Resources */,
				B47E22CD18DBA7E200F42EBB /* Asteroid_0@2x.png in Resources */,
				B46363AC1979EBA2007B657C /* SpaceMine_Friendly_8@2x.png in Resources */,
				B47E22D818DBA7E200F42EBB /* Asteroid_11@2x.png in Resources */,
				B4D42E821AFEA11800248BE8 /* ShipShieldHit@2x.png in Resources */,
				B4D42E801AFEA10D00248BE8 /* ShipShield_Impact@2x.png in Resources */,
				B45CA24E1B25F94E001E07D9 /* MKStoreKitConfigs.plist in Resources */,
				B45FF14718CE8708001662CD /* Images.xcassets in Resources */,
				B45CA2531B25FBE8001E07D9 /* IAPView.xib in Resources */,
				E128D1F91A6DDB9600856772 /* Background1.atlas in Resources */,
				B47E22D518DBA7E200F42EBB /* Asteroid_8@2x.png in Resources */,
				B4D42E861AFEAC4100248BE8 /* upgrade.caf in Resources */,
				B47E22D218DBA7E200F42EBB /* Asteroid_5@2x.png in Resources */,
				B405AA281AEC31E00053F794 /* Moki-Lean.otf in Resources */,
				B43F4D0C192ABB510000ACA4 /* AsteroidShield_1@2x.png in Resources */,
				B46363A61979EBA2007B657C /* SpaceMine_Friendly_2@2x.png in Resources */,
				B48AA3881AD043C80054CC65 /* UpgradeTableViewCell.xib in Resources */,
				B405AA2D1AEC3E8E0053F794 /* Background2.atlas in Resources */,
				B472444F1ACE0441002A8B4B /* UpgradesView.xib in Resources */,
				B407A22F1AD6358B00C87AC7 /* Planet_5_2@2x.png in Resources */,
				B4557EC51AC0D4DD004E097E /* GameOverView.xib in Resources */,
				B4D4B625191FFF4F00834942 /* Planet_3_1@2x.png in Resources */,
				B4467174192D8C7700B4A8C7 /* AsteroidShield_Impact_1@2x.png in Resources */,
				B46363A41979EBA2007B657C /* SpaceMine_Friendly_0@2x.png in Resources */,
				B45FF13D18CE8708001662CD /* Main.storyboard in Resources */,
				B4467178192D906400B4A8C7 /* AsteroidShield_Pop_0@2x.png in Resources */,
				B4D4B617191FFF4F00834942 /* Planet_0_0@2x.png in Resources */,
				B4D4B61B191FFF4F00834942 /* Planet_1_0@2x.png in Resources */,
				B405AA331AED5F990053F794 /* asteroidSun.caf in Resources */,
				B49792DD1A86CA24005174C1 /* Level1.mp3 in Resources */,
				B47E22D018DBA7E200F42EBB /* Asteroid_3@2x.png in Resources */,
				B4E221CD192EB356003947B7 /* ShieldPowerUp_Animated@2x.png in Resources */,
				B46363AB1979EBA2007B657C /* SpaceMine_Friendly_7@2x.png in Resources */,
				B43F4D0E192ABB560000ACA4 /* AsteroidShield_Ring_1@2x.png in Resources */,
				B407A22E1AD6358B00C87AC7 /* Planet_5_1@2x.png in Resources */,
				B407A2301AD6358B00C87AC7 /* Planet_5_3@2x.png in Resources */,
				B4D4B626191FFF4F00834942 /* Planet_3_3@2x.png in Resources */,
				B4D4B61F191FFF4F00834942 /* Planet_2_0@2x.png in Resources */,
				B43F4D12192ABB6C0000ACA4 /* AsteroidShield_0@2x.png in Resources */,
				B4D4B61C191FFF4F00834942 /* Planet_1_1@2x.png in Resources */,
				B47923DC19157805002B8467 /* Voltaire-Regular.ttf in Resources */,
				B46363A81979EBA2007B657C /* SpaceMine_Friendly_4@2x.png in Resources */,
				B4D0732F19785F620028840D /* SpaceMine_ExplodingRing_0@2x.png in Resources */,
				B47E22D718DBA7E200F42EBB /* Asteroid_10@2x.png in Resources */,
				B49792FA1A86F638005174C1 /* deactivateShieldTrimmed.caf in Resources */,
				B4D4B627191FFF4F00834942 /* Planet_4_2@2x.png in Resources */,
				B4D4B61D191FFF4F00834942 /* Planet_1_2@2x.png in Resources */,
				B4D4B622191FFF4F00834942 /* Planet_2_3@2x.png in Resources */,
				B4557EE01AC3B24D004E097E /* MainMenuView.xib in Resources */,
				B407A22D1AD6358B00C87AC7 /* Planet_5_0@2x.png in Resources */,
				B4D4B62A191FFF4F00834942 /* Planet_4_3@2x.png in Resources */,
				B4467176192D8CC500B4A8C7 /* AsteroidShield_Impact_0@2x.png in Resources */,
				B47E22D318DBA7E200F42EBB /* Asteroid_6@2x.png in Resources */,
				E128D1F81A6DDB9600856772 /* Background0.atlas in Resources */,
				B4D4B61E191FFF4F00834942 /* Planet_1_3@2x.png in Resources */,
				B4E221D2192EB3C6003947B7 /* ShipShield_Pop@2x.png in Resources */,
				B46363AA1979EBA2007B657C /* SpaceMine_Friendly_6@2x.png in Resources */,
				B47E22CF18DBA7E200F42EBB /* Asteroid_2@2x.png in Resources */,
				B47E22D418DBA7E200F42EBB /* Asteroid_7@2x.png in Resources */,
				B4E221D0192EB356003947B7 /* ShipShield@2x.png in Resources */,
			);
			runOnlyForDeploymentPostprocessing = 0;
		};
		B45FF14A18CE8708001662CD /* Resources */ = {
			isa = PBXResourcesBuildPhase;
			buildActionMask = 2147483647;
			files = (
				B45FF15818CE8708001662CD /* InfoPlist.strings in Resources */,
			);
			runOnlyForDeploymentPostprocessing = 0;
		};
/* End PBXResourcesBuildPhase section */

/* Begin PBXShellScriptBuildPhase section */
		B4DAAF72193F548300BE03C9 /* ShellScript */ = {
			isa = PBXShellScriptBuildPhase;
			buildActionMask = 2147483647;
			files = (
			);
			inputPaths = (
			);
			outputPaths = (
			);
			runOnlyForDeploymentPostprocessing = 0;
			shellPath = "./Crashlytics.framework/run 066787c672b57a8fd2a11bcf1e72df26be8cbed5 a660d2c57d7c77313e746ea1a4dc8f93816e89802870c8a5e0664ad0d97c6573";
			shellScript = "";
		};
/* End PBXShellScriptBuildPhase section */

/* Begin PBXSourcesBuildPhase section */
		B45FF12018CE8708001662CD /* Sources */ = {
			isa = PBXSourcesBuildPhase;
			buildActionMask = 2147483647;
			files = (
				B48AA3871AD043C80054CC65 /* UpgradeTableViewCell.m in Sources */,
				B4557ECC1AC0DDF1004E097E /* UIImage+Effects.m in Sources */,
				B45865EC18DA3ACA005C9566 /* HexColor.m in Sources */,
				B45FF14318CE8708001662CD /* GameScene.m in Sources */,
				B45CA2511B25FBD9001E07D9 /* IAPView.m in Sources */,
				B4557EC81AC0DD95004E097E /* UIView+Screenshot.m in Sources */,
				B47244431ACB710C002A8B4B /* BlackHole.m in Sources */,
				B45FF14018CE8708001662CD /* ViewController.m in Sources */,
				B4557ED21AC0E8A3004E097E /* UIView+Fancy.m in Sources */,
				B4557ECF1AC0DE55004E097E /* SKScene+Unarchive.m in Sources */,
				B4557ED51AC0EF47004E097E /* PausedView.m in Sources */,
				B4557EDE1AC37C5A004E097E /* SettingsView.m in Sources */,
				B43358611AF834FF00DB6444 /* SKNode+Removed.m in Sources */,
				E1D4EDF61A5B5E5900676C17 /* DCRoundSwitchKnobLayer.m in Sources */,
				B4557EC31AC0D4C8004E097E /* GameOverView.m in Sources */,
				E1D4EDF51A5B5E5900676C17 /* DCRoundSwitch.m in Sources */,
				B400F410191AFCA100A483E2 /* UpgradeScene.m in Sources */,
				E1D4EDF71A5B5E5900676C17 /* DCRoundSwitchOutlineLayer.m in Sources */,
				B45FF13A18CE8708001662CD /* AppDelegate.m in Sources */,
				B47244451ACB717A002A8B4B /* PhysicsContstants.h in Sources */,
				B47244481ACB71F8002A8B4B /* BaseSprite.m in Sources */,
				B45CA24A1B25F5CD001E07D9 /* MKStoreKit.m in Sources */,
				B497926A1A844756005174C1 /* AudioController.m in Sources */,
				B45FF13618CE8708001662CD /* main.m in Sources */,
				B472444D1ACE0433002A8B4B /* UpgradesView.m in Sources */,
				B4557EE31AC3B26B004E097E /* MainMenuView.m in Sources */,
				E1D4EDF81A5B5E5900676C17 /* DCRoundSwitchToggleLayer.m in Sources */,
			);
			runOnlyForDeploymentPostprocessing = 0;
		};
		B45FF14818CE8708001662CD /* Sources */ = {
			isa = PBXSourcesBuildPhase;
			buildActionMask = 2147483647;
			files = (
				B45FF15A18CE8708001662CD /* ABIMSIMTests.m in Sources */,
			);
			runOnlyForDeploymentPostprocessing = 0;
		};
/* End PBXSourcesBuildPhase section */

/* Begin PBXTargetDependency section */
		B45FF15218CE8708001662CD /* PBXTargetDependency */ = {
			isa = PBXTargetDependency;
			target = B45FF12318CE8708001662CD /* ABIMSIM */;
			targetProxy = B45FF15118CE8708001662CD /* PBXContainerItemProxy */;
		};
/* End PBXTargetDependency section */

/* Begin PBXVariantGroup section */
		B45FF13218CE8708001662CD /* InfoPlist.strings */ = {
			isa = PBXVariantGroup;
			children = (
				B45FF13318CE8708001662CD /* en */,
			);
			name = InfoPlist.strings;
			sourceTree = "<group>";
		};
		B45FF13B18CE8708001662CD /* Main.storyboard */ = {
			isa = PBXVariantGroup;
			children = (
				B45FF13C18CE8708001662CD /* Base */,
			);
			name = Main.storyboard;
			sourceTree = "<group>";
		};
		B45FF15618CE8708001662CD /* InfoPlist.strings */ = {
			isa = PBXVariantGroup;
			children = (
				B45FF15718CE8708001662CD /* en */,
			);
			name = InfoPlist.strings;
			sourceTree = "<group>";
		};
/* End PBXVariantGroup section */

/* Begin XCBuildConfiguration section */
		B45FF15B18CE8708001662CD /* Debug */ = {
			isa = XCBuildConfiguration;
			buildSettings = {
				ALWAYS_SEARCH_USER_PATHS = NO;
				CLANG_CXX_LANGUAGE_STANDARD = "gnu++0x";
				CLANG_CXX_LIBRARY = "libc++";
				CLANG_ENABLE_MODULES = YES;
				CLANG_ENABLE_OBJC_ARC = YES;
				CLANG_WARN_BOOL_CONVERSION = YES;
				CLANG_WARN_CONSTANT_CONVERSION = YES;
				CLANG_WARN_DIRECT_OBJC_ISA_USAGE = YES_ERROR;
				CLANG_WARN_EMPTY_BODY = YES;
				CLANG_WARN_ENUM_CONVERSION = YES;
				CLANG_WARN_INT_CONVERSION = YES;
				CLANG_WARN_OBJC_ROOT_CLASS = YES_ERROR;
				CLANG_WARN__DUPLICATE_METHOD_MATCH = YES;
				CODE_SIGN_IDENTITY = "iPhone Developer: Kevin Yarmosh (V93Q49NDVM)";
				"CODE_SIGN_IDENTITY[sdk=iphoneos*]" = "iPhone Developer: Kevin Yarmosh (V93Q49NDVM)";
				COPY_PHASE_STRIP = NO;
				GCC_C_LANGUAGE_STANDARD = gnu99;
				GCC_DYNAMIC_NO_PIC = NO;
				GCC_OPTIMIZATION_LEVEL = 0;
				GCC_PREPROCESSOR_DEFINITIONS = (
					"DEBUG=1",
					"$(inherited)",
				);
				GCC_SYMBOLS_PRIVATE_EXTERN = NO;
				GCC_WARN_64_TO_32_BIT_CONVERSION = YES;
				GCC_WARN_ABOUT_RETURN_TYPE = YES_ERROR;
				GCC_WARN_UNDECLARED_SELECTOR = YES;
				GCC_WARN_UNINITIALIZED_AUTOS = YES;
				GCC_WARN_UNUSED_FUNCTION = YES;
				GCC_WARN_UNUSED_VARIABLE = YES;
				IPHONEOS_DEPLOYMENT_TARGET = 7.0;
				ONLY_ACTIVE_ARCH = YES;
				PROVISIONING_PROFILE = "1EDC6C10-D4AF-4800-A0DB-758438395B8E";
				SDKROOT = iphoneos;
			};
			name = Debug;
		};
		B45FF15C18CE8708001662CD /* Release */ = {
			isa = XCBuildConfiguration;
			buildSettings = {
				ALWAYS_SEARCH_USER_PATHS = NO;
				CLANG_CXX_LANGUAGE_STANDARD = "gnu++0x";
				CLANG_CXX_LIBRARY = "libc++";
				CLANG_ENABLE_MODULES = YES;
				CLANG_ENABLE_OBJC_ARC = YES;
				CLANG_WARN_BOOL_CONVERSION = YES;
				CLANG_WARN_CONSTANT_CONVERSION = YES;
				CLANG_WARN_DIRECT_OBJC_ISA_USAGE = YES_ERROR;
				CLANG_WARN_EMPTY_BODY = YES;
				CLANG_WARN_ENUM_CONVERSION = YES;
				CLANG_WARN_INT_CONVERSION = YES;
				CLANG_WARN_OBJC_ROOT_CLASS = YES_ERROR;
				CLANG_WARN__DUPLICATE_METHOD_MATCH = YES;
				CODE_SIGN_IDENTITY = "iPhone Distribution: Kevin Yarmosh (6QXVXEAWF9)";
				"CODE_SIGN_IDENTITY[sdk=iphoneos*]" = "iPhone Distribution: Kevin Yarmosh (6QXVXEAWF9)";
				COPY_PHASE_STRIP = YES;
				ENABLE_NS_ASSERTIONS = NO;
				GCC_C_LANGUAGE_STANDARD = gnu99;
				GCC_WARN_64_TO_32_BIT_CONVERSION = YES;
				GCC_WARN_ABOUT_RETURN_TYPE = YES_ERROR;
				GCC_WARN_UNDECLARED_SELECTOR = YES;
				GCC_WARN_UNINITIALIZED_AUTOS = YES;
				GCC_WARN_UNUSED_FUNCTION = YES;
				GCC_WARN_UNUSED_VARIABLE = YES;
				IPHONEOS_DEPLOYMENT_TARGET = 7.0;
				PROVISIONING_PROFILE = "6B3FB5BF-E3CB-4012-8F92-049C6BF03918";
				SDKROOT = iphoneos;
				VALIDATE_PRODUCT = YES;
			};
			name = Release;
		};
		B45FF15E18CE8708001662CD /* Debug */ = {
			isa = XCBuildConfiguration;
			buildSettings = {
				ASSETCATALOG_COMPILER_APPICON_NAME = AppIcon;
				ASSETCATALOG_COMPILER_LAUNCHIMAGE_NAME = LaunchImage;
				CODE_SIGN_IDENTITY = "iPhone Developer";
				"CODE_SIGN_IDENTITY[sdk=iphoneos*]" = "iPhone Developer";
				FRAMEWORK_SEARCH_PATHS = (
					"$(inherited)",
					"$(PROJECT_DIR)",
				);
				GCC_PRECOMPILE_PREFIX_HEADER = YES;
				GCC_PREFIX_HEADER = "ABIMSIM/ABIMSIM-Prefix.pch";
				INFOPLIST_FILE = "ABIMSIM/ABIMSIM-Info.plist";
				PRODUCT_NAME = "$(TARGET_NAME)";
				PROVISIONING_PROFILE = "";
				SPRITEKIT_TEXTURE_ATLAS_OUTPUT = YES;
				TARGETED_DEVICE_FAMILY = "1,2";
				WRAPPER_EXTENSION = app;
			};
			name = Debug;
		};
		B45FF15F18CE8708001662CD /* Release */ = {
			isa = XCBuildConfiguration;
			buildSettings = {
				ASSETCATALOG_COMPILER_APPICON_NAME = AppIcon;
				ASSETCATALOG_COMPILER_LAUNCHIMAGE_NAME = LaunchImage;
				CODE_SIGN_IDENTITY = "iPhone Developer";
				"CODE_SIGN_IDENTITY[sdk=iphoneos*]" = "iPhone Developer";
				FRAMEWORK_SEARCH_PATHS = (
					"$(inherited)",
					"$(PROJECT_DIR)",
				);
				GCC_PRECOMPILE_PREFIX_HEADER = YES;
				GCC_PREFIX_HEADER = "ABIMSIM/ABIMSIM-Prefix.pch";
				INFOPLIST_FILE = "ABIMSIM/ABIMSIM-Info.plist";
				PRODUCT_NAME = "$(TARGET_NAME)";
				PROVISIONING_PROFILE = "";
				SPRITEKIT_TEXTURE_ATLAS_OUTPUT = YES;
				TARGETED_DEVICE_FAMILY = "1,2";
				WRAPPER_EXTENSION = app;
			};
			name = Release;
		};
		B45FF16118CE8708001662CD /* Debug */ = {
			isa = XCBuildConfiguration;
			buildSettings = {
				BUNDLE_LOADER = "$(BUILT_PRODUCTS_DIR)/ABIMSIM.app/ABIMSIM";
				CODE_SIGN_IDENTITY = "iPhone Developer";
				"CODE_SIGN_IDENTITY[sdk=iphoneos*]" = "iPhone Developer";
				FRAMEWORK_SEARCH_PATHS = (
					"$(SDKROOT)/Developer/Library/Frameworks",
					"$(inherited)",
					"$(DEVELOPER_FRAMEWORKS_DIR)",
				);
				GCC_PRECOMPILE_PREFIX_HEADER = YES;
				GCC_PREFIX_HEADER = "ABIMSIM/ABIMSIM-Prefix.pch";
				GCC_PREPROCESSOR_DEFINITIONS = (
					"DEBUG=1",
					"$(inherited)",
				);
				INFOPLIST_FILE = "ABIMSIMTests/ABIMSIMTests-Info.plist";
				PRODUCT_NAME = "$(TARGET_NAME)";
				PROVISIONING_PROFILE = "";
				TEST_HOST = "$(BUNDLE_LOADER)";
				WRAPPER_EXTENSION = xctest;
			};
			name = Debug;
		};
		B45FF16218CE8708001662CD /* Release */ = {
			isa = XCBuildConfiguration;
			buildSettings = {
				BUNDLE_LOADER = "$(BUILT_PRODUCTS_DIR)/ABIMSIM.app/ABIMSIM";
				CODE_SIGN_IDENTITY = "iPhone Developer";
				"CODE_SIGN_IDENTITY[sdk=iphoneos*]" = "iPhone Developer";
				FRAMEWORK_SEARCH_PATHS = (
					"$(SDKROOT)/Developer/Library/Frameworks",
					"$(inherited)",
					"$(DEVELOPER_FRAMEWORKS_DIR)",
				);
				GCC_PRECOMPILE_PREFIX_HEADER = YES;
				GCC_PREFIX_HEADER = "ABIMSIM/ABIMSIM-Prefix.pch";
				INFOPLIST_FILE = "ABIMSIMTests/ABIMSIMTests-Info.plist";
				PRODUCT_NAME = "$(TARGET_NAME)";
				PROVISIONING_PROFILE = "";
				TEST_HOST = "$(BUNDLE_LOADER)";
				WRAPPER_EXTENSION = xctest;
			};
			name = Release;
		};
/* End XCBuildConfiguration section */

/* Begin XCConfigurationList section */
		B45FF11F18CE8708001662CD /* Build configuration list for PBXProject "ABIMSIM" */ = {
			isa = XCConfigurationList;
			buildConfigurations = (
				B45FF15B18CE8708001662CD /* Debug */,
				B45FF15C18CE8708001662CD /* Release */,
			);
			defaultConfigurationIsVisible = 0;
			defaultConfigurationName = Release;
		};
		B45FF15D18CE8708001662CD /* Build configuration list for PBXNativeTarget "ABIMSIM" */ = {
			isa = XCConfigurationList;
			buildConfigurations = (
				B45FF15E18CE8708001662CD /* Debug */,
				B45FF15F18CE8708001662CD /* Release */,
			);
			defaultConfigurationIsVisible = 0;
			defaultConfigurationName = Release;
		};
		B45FF16018CE8708001662CD /* Build configuration list for PBXNativeTarget "ABIMSIMTests" */ = {
			isa = XCConfigurationList;
			buildConfigurations = (
				B45FF16118CE8708001662CD /* Debug */,
				B45FF16218CE8708001662CD /* Release */,
			);
			defaultConfigurationIsVisible = 0;
			defaultConfigurationName = Release;
		};
/* End XCConfigurationList section */
	};
	rootObject = B45FF11C18CE8708001662CD /* Project object */;
}
