// !$*UTF8*$!
{
	archiveVersion = 1;
	classes = {
	};
	objectVersion = 46;
	objects = {

/* Begin PBXBuildFile section */
		B41BC21819184B1B00B1B28F /* Planet_1_0@2x.png in Resources */ = {isa = PBXBuildFile; fileRef = B41BC21719184B1B00B1B28F /* Planet_1_0@2x.png */; };
		B45865E518DA153C005C9566 /* Background@2x.png in Resources */ = {isa = PBXBuildFile; fileRef = B45865D718DA153C005C9566 /* Background@2x.png */; };
		B45865E918DA15C9005C9566 /* Ship@2x.png in Resources */ = {isa = PBXBuildFile; fileRef = B45865E818DA15C9005C9566 /* Ship@2x.png */; };
		B45865EC18DA3ACA005C9566 /* HexColor.m in Sources */ = {isa = PBXBuildFile; fileRef = B45865EB18DA3ACA005C9566 /* HexColor.m */; };
		B45865EE18DA6612005C9566 /* LargeStar@2x.png in Resources */ = {isa = PBXBuildFile; fileRef = B45865ED18DA6612005C9566 /* LargeStar@2x.png */; };
		B45FF12818CE8708001662CD /* Foundation.framework in Frameworks */ = {isa = PBXBuildFile; fileRef = B45FF12718CE8708001662CD /* Foundation.framework */; };
		B45FF12A18CE8708001662CD /* CoreGraphics.framework in Frameworks */ = {isa = PBXBuildFile; fileRef = B45FF12918CE8708001662CD /* CoreGraphics.framework */; };
		B45FF12C18CE8708001662CD /* UIKit.framework in Frameworks */ = {isa = PBXBuildFile; fileRef = B45FF12B18CE8708001662CD /* UIKit.framework */; };
		B45FF12E18CE8708001662CD /* SpriteKit.framework in Frameworks */ = {isa = PBXBuildFile; fileRef = B45FF12D18CE8708001662CD /* SpriteKit.framework */; };
		B45FF13418CE8708001662CD /* InfoPlist.strings in Resources */ = {isa = PBXBuildFile; fileRef = B45FF13218CE8708001662CD /* InfoPlist.strings */; };
		B45FF13618CE8708001662CD /* main.m in Sources */ = {isa = PBXBuildFile; fileRef = B45FF13518CE8708001662CD /* main.m */; };
		B45FF13A18CE8708001662CD /* AppDelegate.m in Sources */ = {isa = PBXBuildFile; fileRef = B45FF13918CE8708001662CD /* AppDelegate.m */; };
		B45FF13D18CE8708001662CD /* Main.storyboard in Resources */ = {isa = PBXBuildFile; fileRef = B45FF13B18CE8708001662CD /* Main.storyboard */; };
		B45FF14018CE8708001662CD /* ViewController.m in Sources */ = {isa = PBXBuildFile; fileRef = B45FF13F18CE8708001662CD /* ViewController.m */; };
		B45FF14318CE8708001662CD /* GameScene.m in Sources */ = {isa = PBXBuildFile; fileRef = B45FF14218CE8708001662CD /* GameScene.m */; };
		B45FF14718CE8708001662CD /* Images.xcassets in Resources */ = {isa = PBXBuildFile; fileRef = B45FF14618CE8708001662CD /* Images.xcassets */; };
		B45FF14E18CE8708001662CD /* XCTest.framework in Frameworks */ = {isa = PBXBuildFile; fileRef = B45FF14D18CE8708001662CD /* XCTest.framework */; };
		B45FF14F18CE8708001662CD /* Foundation.framework in Frameworks */ = {isa = PBXBuildFile; fileRef = B45FF12718CE8708001662CD /* Foundation.framework */; };
		B45FF15018CE8708001662CD /* UIKit.framework in Frameworks */ = {isa = PBXBuildFile; fileRef = B45FF12B18CE8708001662CD /* UIKit.framework */; };
		B45FF15818CE8708001662CD /* InfoPlist.strings in Resources */ = {isa = PBXBuildFile; fileRef = B45FF15618CE8708001662CD /* InfoPlist.strings */; };
		B45FF15A18CE8708001662CD /* ABIMSIMTests.m in Sources */ = {isa = PBXBuildFile; fileRef = B45FF15918CE8708001662CD /* ABIMSIMTests.m */; };
		B478CF8E19197C2C001A9DB6 /* Pause@2x.png in Resources */ = {isa = PBXBuildFile; fileRef = B478CF8D19197C2C001A9DB6 /* Pause@2x.png */; };
		B47923DC19157805002B8467 /* Voltaire-Regular.ttf in Resources */ = {isa = PBXBuildFile; fileRef = B47923DB19157805002B8467 /* Voltaire-Regular.ttf */; };
		B47E22CD18DBA7E200F42EBB /* Asteroid_0@2x.png in Resources */ = {isa = PBXBuildFile; fileRef = B47E22C118DBA7E200F42EBB /* Asteroid_0@2x.png */; };
		B47E22CE18DBA7E200F42EBB /* Asteroid_1@2x.png in Resources */ = {isa = PBXBuildFile; fileRef = B47E22C218DBA7E200F42EBB /* Asteroid_1@2x.png */; };
		B47E22CF18DBA7E200F42EBB /* Asteroid_2@2x.png in Resources */ = {isa = PBXBuildFile; fileRef = B47E22C318DBA7E200F42EBB /* Asteroid_2@2x.png */; };
		B47E22D018DBA7E200F42EBB /* Asteroid_3@2x.png in Resources */ = {isa = PBXBuildFile; fileRef = B47E22C418DBA7E200F42EBB /* Asteroid_3@2x.png */; };
		B47E22D118DBA7E200F42EBB /* Asteroid_4@2x.png in Resources */ = {isa = PBXBuildFile; fileRef = B47E22C518DBA7E200F42EBB /* Asteroid_4@2x.png */; };
		B47E22D218DBA7E200F42EBB /* Asteroid_5@2x.png in Resources */ = {isa = PBXBuildFile; fileRef = B47E22C618DBA7E200F42EBB /* Asteroid_5@2x.png */; };
		B47E22D318DBA7E200F42EBB /* Asteroid_6@2x.png in Resources */ = {isa = PBXBuildFile; fileRef = B47E22C718DBA7E200F42EBB /* Asteroid_6@2x.png */; };
		B47E22D418DBA7E200F42EBB /* Asteroid_7@2x.png in Resources */ = {isa = PBXBuildFile; fileRef = B47E22C818DBA7E200F42EBB /* Asteroid_7@2x.png */; };
		B47E22D518DBA7E200F42EBB /* Asteroid_8@2x.png in Resources */ = {isa = PBXBuildFile; fileRef = B47E22C918DBA7E200F42EBB /* Asteroid_8@2x.png */; };
		B47E22D618DBA7E200F42EBB /* Asteroid_9@2x.png in Resources */ = {isa = PBXBuildFile; fileRef = B47E22CA18DBA7E200F42EBB /* Asteroid_9@2x.png */; };
		B47E22D718DBA7E200F42EBB /* Asteroid_10@2x.png in Resources */ = {isa = PBXBuildFile; fileRef = B47E22CB18DBA7E200F42EBB /* Asteroid_10@2x.png */; };
		B47E22D818DBA7E200F42EBB /* Asteroid_11@2x.png in Resources */ = {isa = PBXBuildFile; fileRef = B47E22CC18DBA7E200F42EBB /* Asteroid_11@2x.png */; };
		B4B66FF718F6229300E2BE70 /* ShipShield@2x.png in Resources */ = {isa = PBXBuildFile; fileRef = B4B66FF618F6229300E2BE70 /* ShipShield@2x.png */; };
		B4B66FFB18F6290E00E2BE70 /* ShieldPowerUp@2x.png in Resources */ = {isa = PBXBuildFile; fileRef = B4B66FFA18F6290E00E2BE70 /* ShieldPowerUp@2x.png */; };
		B4B66FFD18F62B2700E2BE70 /* ShipShieldImpact@2x.png in Resources */ = {isa = PBXBuildFile; fileRef = B4B66FFC18F62B2700E2BE70 /* ShipShieldImpact@2x.png */; };
		B4D42029190F23ED0069DA98 /* Planet_0@2x.png in Resources */ = {isa = PBXBuildFile; fileRef = B4D42023190F23ED0069DA98 /* Planet_0@2x.png */; };
		B4D4202A190F23ED0069DA98 /* Planet_1@2x.png in Resources */ = {isa = PBXBuildFile; fileRef = B4D42024190F23ED0069DA98 /* Planet_1@2x.png */; };
		B4D4202B190F23ED0069DA98 /* Planet_2@2x.png in Resources */ = {isa = PBXBuildFile; fileRef = B4D42025190F23ED0069DA98 /* Planet_2@2x.png */; };
		B4D4202C190F23ED0069DA98 /* Planet_3@2x.png in Resources */ = {isa = PBXBuildFile; fileRef = B4D42026190F23ED0069DA98 /* Planet_3@2x.png */; };
		B4D4202D190F23ED0069DA98 /* Planet_4@2x.png in Resources */ = {isa = PBXBuildFile; fileRef = B4D42027190F23ED0069DA98 /* Planet_4@2x.png */; };
		B4D4202E190F23ED0069DA98 /* Planet_5@2x.png in Resources */ = {isa = PBXBuildFile; fileRef = B4D42028190F23ED0069DA98 /* Planet_5@2x.png */; };
/* End PBXBuildFile section */

/* Begin PBXContainerItemProxy section */
		B45FF15118CE8708001662CD /* PBXContainerItemProxy */ = {
			isa = PBXContainerItemProxy;
			containerPortal = B45FF11C18CE8708001662CD /* Project object */;
			proxyType = 1;
			remoteGlobalIDString = B45FF12318CE8708001662CD;
			remoteInfo = ABIMSIM;
		};
/* End PBXContainerItemProxy section */

/* Begin PBXFileReference section */
		B41BC21719184B1B00B1B28F /* Planet_1_0@2x.png */ = {isa = PBXFileReference; lastKnownFileType = image.png; path = "Planet_1_0@2x.png"; sourceTree = "<group>"; };
		B45865D718DA153C005C9566 /* Background@2x.png */ = {isa = PBXFileReference; lastKnownFileType = image.png; path = "Background@2x.png"; sourceTree = "<group>"; };
		B45865E818DA15C9005C9566 /* Ship@2x.png */ = {isa = PBXFileReference; lastKnownFileType = image.png; path = "Ship@2x.png"; sourceTree = "<group>"; };
		B45865EA18DA3ACA005C9566 /* HexColor.h */ = {isa = PBXFileReference; fileEncoding = 4; lastKnownFileType = sourcecode.c.h; path = HexColor.h; sourceTree = "<group>"; };
		B45865EB18DA3ACA005C9566 /* HexColor.m */ = {isa = PBXFileReference; fileEncoding = 4; lastKnownFileType = sourcecode.c.objc; path = HexColor.m; sourceTree = "<group>"; };
		B45865ED18DA6612005C9566 /* LargeStar@2x.png */ = {isa = PBXFileReference; lastKnownFileType = image.png; path = "LargeStar@2x.png"; sourceTree = "<group>"; };
		B45FF12418CE8708001662CD /* ABIMSIM.app */ = {isa = PBXFileReference; explicitFileType = wrapper.application; includeInIndex = 0; path = ABIMSIM.app; sourceTree = BUILT_PRODUCTS_DIR; };
		B45FF12718CE8708001662CD /* Foundation.framework */ = {isa = PBXFileReference; lastKnownFileType = wrapper.framework; name = Foundation.framework; path = System/Library/Frameworks/Foundation.framework; sourceTree = SDKROOT; };
		B45FF12918CE8708001662CD /* CoreGraphics.framework */ = {isa = PBXFileReference; lastKnownFileType = wrapper.framework; name = CoreGraphics.framework; path = System/Library/Frameworks/CoreGraphics.framework; sourceTree = SDKROOT; };
		B45FF12B18CE8708001662CD /* UIKit.framework */ = {isa = PBXFileReference; lastKnownFileType = wrapper.framework; name = UIKit.framework; path = System/Library/Frameworks/UIKit.framework; sourceTree = SDKROOT; };
		B45FF12D18CE8708001662CD /* SpriteKit.framework */ = {isa = PBXFileReference; lastKnownFileType = wrapper.framework; name = SpriteKit.framework; path = System/Library/Frameworks/SpriteKit.framework; sourceTree = SDKROOT; };
		B45FF13118CE8708001662CD /* ABIMSIM-Info.plist */ = {isa = PBXFileReference; lastKnownFileType = text.plist.xml; path = "ABIMSIM-Info.plist"; sourceTree = "<group>"; };
		B45FF13318CE8708001662CD /* en */ = {isa = PBXFileReference; lastKnownFileType = text.plist.strings; name = en; path = en.lproj/InfoPlist.strings; sourceTree = "<group>"; };
		B45FF13518CE8708001662CD /* main.m */ = {isa = PBXFileReference; lastKnownFileType = sourcecode.c.objc; path = main.m; sourceTree = "<group>"; };
		B45FF13718CE8708001662CD /* ABIMSIM-Prefix.pch */ = {isa = PBXFileReference; lastKnownFileType = sourcecode.c.h; path = "ABIMSIM-Prefix.pch"; sourceTree = "<group>"; };
		B45FF13818CE8708001662CD /* AppDelegate.h */ = {isa = PBXFileReference; lastKnownFileType = sourcecode.c.h; path = AppDelegate.h; sourceTree = "<group>"; };
		B45FF13918CE8708001662CD /* AppDelegate.m */ = {isa = PBXFileReference; lastKnownFileType = sourcecode.c.objc; path = AppDelegate.m; sourceTree = "<group>"; };
		B45FF13C18CE8708001662CD /* Base */ = {isa = PBXFileReference; lastKnownFileType = file.storyboard; name = Base; path = Base.lproj/Main.storyboard; sourceTree = "<group>"; };
		B45FF13E18CE8708001662CD /* ViewController.h */ = {isa = PBXFileReference; lastKnownFileType = sourcecode.c.h; path = ViewController.h; sourceTree = "<group>"; };
		B45FF13F18CE8708001662CD /* ViewController.m */ = {isa = PBXFileReference; lastKnownFileType = sourcecode.c.objc; path = ViewController.m; sourceTree = "<group>"; };
		B45FF14118CE8708001662CD /* GameScene.h */ = {isa = PBXFileReference; lastKnownFileType = sourcecode.c.h; path = GameScene.h; sourceTree = "<group>"; };
		B45FF14218CE8708001662CD /* GameScene.m */ = {isa = PBXFileReference; lastKnownFileType = sourcecode.c.objc; path = GameScene.m; sourceTree = "<group>"; };
		B45FF14618CE8708001662CD /* Images.xcassets */ = {isa = PBXFileReference; lastKnownFileType = folder.assetcatalog; path = Images.xcassets; sourceTree = "<group>"; };
		B45FF14C18CE8708001662CD /* ABIMSIMTests.xctest */ = {isa = PBXFileReference; explicitFileType = wrapper.cfbundle; includeInIndex = 0; path = ABIMSIMTests.xctest; sourceTree = BUILT_PRODUCTS_DIR; };
		B45FF14D18CE8708001662CD /* XCTest.framework */ = {isa = PBXFileReference; lastKnownFileType = wrapper.framework; name = XCTest.framework; path = Library/Frameworks/XCTest.framework; sourceTree = DEVELOPER_DIR; };
		B45FF15518CE8708001662CD /* ABIMSIMTests-Info.plist */ = {isa = PBXFileReference; lastKnownFileType = text.plist.xml; path = "ABIMSIMTests-Info.plist"; sourceTree = "<group>"; };
		B45FF15718CE8708001662CD /* en */ = {isa = PBXFileReference; lastKnownFileType = text.plist.strings; name = en; path = en.lproj/InfoPlist.strings; sourceTree = "<group>"; };
		B45FF15918CE8708001662CD /* ABIMSIMTests.m */ = {isa = PBXFileReference; lastKnownFileType = sourcecode.c.objc; path = ABIMSIMTests.m; sourceTree = "<group>"; };
		B478CF8D19197C2C001A9DB6 /* Pause@2x.png */ = {isa = PBXFileReference; lastKnownFileType = image.png; path = "Pause@2x.png"; sourceTree = "<group>"; };
		B47923DB19157805002B8467 /* Voltaire-Regular.ttf */ = {isa = PBXFileReference; lastKnownFileType = file; path = "Voltaire-Regular.ttf"; sourceTree = "<group>"; };
		B47E22C118DBA7E200F42EBB /* Asteroid_0@2x.png */ = {isa = PBXFileReference; lastKnownFileType = image.png; path = "Asteroid_0@2x.png"; sourceTree = "<group>"; };
		B47E22C218DBA7E200F42EBB /* Asteroid_1@2x.png */ = {isa = PBXFileReference; lastKnownFileType = image.png; path = "Asteroid_1@2x.png"; sourceTree = "<group>"; };
		B47E22C318DBA7E200F42EBB /* Asteroid_2@2x.png */ = {isa = PBXFileReference; lastKnownFileType = image.png; path = "Asteroid_2@2x.png"; sourceTree = "<group>"; };
		B47E22C418DBA7E200F42EBB /* Asteroid_3@2x.png */ = {isa = PBXFileReference; lastKnownFileType = image.png; path = "Asteroid_3@2x.png"; sourceTree = "<group>"; };
		B47E22C518DBA7E200F42EBB /* Asteroid_4@2x.png */ = {isa = PBXFileReference; lastKnownFileType = image.png; path = "Asteroid_4@2x.png"; sourceTree = "<group>"; };
		B47E22C618DBA7E200F42EBB /* Asteroid_5@2x.png */ = {isa = PBXFileReference; lastKnownFileType = image.png; path = "Asteroid_5@2x.png"; sourceTree = "<group>"; };
		B47E22C718DBA7E200F42EBB /* Asteroid_6@2x.png */ = {isa = PBXFileReference; lastKnownFileType = image.png; path = "Asteroid_6@2x.png"; sourceTree = "<group>"; };
		B47E22C818DBA7E200F42EBB /* Asteroid_7@2x.png */ = {isa = PBXFileReference; lastKnownFileType = image.png; path = "Asteroid_7@2x.png"; sourceTree = "<group>"; };
		B47E22C918DBA7E200F42EBB /* Asteroid_8@2x.png */ = {isa = PBXFileReference; lastKnownFileType = image.png; path = "Asteroid_8@2x.png"; sourceTree = "<group>"; };
		B47E22CA18DBA7E200F42EBB /* Asteroid_9@2x.png */ = {isa = PBXFileReference; lastKnownFileType = image.png; path = "Asteroid_9@2x.png"; sourceTree = "<group>"; };
		B47E22CB18DBA7E200F42EBB /* Asteroid_10@2x.png */ = {isa = PBXFileReference; lastKnownFileType = image.png; path = "Asteroid_10@2x.png"; sourceTree = "<group>"; };
		B47E22CC18DBA7E200F42EBB /* Asteroid_11@2x.png */ = {isa = PBXFileReference; lastKnownFileType = image.png; path = "Asteroid_11@2x.png"; sourceTree = "<group>"; };
		B4B66FF618F6229300E2BE70 /* ShipShield@2x.png */ = {isa = PBXFileReference; lastKnownFileType = image.png; path = "ShipShield@2x.png"; sourceTree = "<group>"; };
		B4B66FFA18F6290E00E2BE70 /* ShieldPowerUp@2x.png */ = {isa = PBXFileReference; lastKnownFileType = image.png; path = "ShieldPowerUp@2x.png"; sourceTree = "<group>"; };
		B4B66FFC18F62B2700E2BE70 /* ShipShieldImpact@2x.png */ = {isa = PBXFileReference; lastKnownFileType = image.png; path = "ShipShieldImpact@2x.png"; sourceTree = "<group>"; };
		B4D42023190F23ED0069DA98 /* Planet_0@2x.png */ = {isa = PBXFileReference; lastKnownFileType = image.png; path = "Planet_0@2x.png"; sourceTree = "<group>"; };
		B4D42024190F23ED0069DA98 /* Planet_1@2x.png */ = {isa = PBXFileReference; lastKnownFileType = image.png; path = "Planet_1@2x.png"; sourceTree = "<group>"; };
		B4D42025190F23ED0069DA98 /* Planet_2@2x.png */ = {isa = PBXFileReference; lastKnownFileType = image.png; path = "Planet_2@2x.png"; sourceTree = "<group>"; };
		B4D42026190F23ED0069DA98 /* Planet_3@2x.png */ = {isa = PBXFileReference; lastKnownFileType = image.png; path = "Planet_3@2x.png"; sourceTree = "<group>"; };
		B4D42027190F23ED0069DA98 /* Planet_4@2x.png */ = {isa = PBXFileReference; lastKnownFileType = image.png; path = "Planet_4@2x.png"; sourceTree = "<group>"; };
		B4D42028190F23ED0069DA98 /* Planet_5@2x.png */ = {isa = PBXFileReference; lastKnownFileType = image.png; path = "Planet_5@2x.png"; sourceTree = "<group>"; };
/* End PBXFileReference section */

/* Begin PBXFrameworksBuildPhase section */
		B45FF12118CE8708001662CD /* Frameworks */ = {
			isa = PBXFrameworksBuildPhase;
			buildActionMask = 2147483647;
			files = (
				B45FF12A18CE8708001662CD /* CoreGraphics.framework in Frameworks */,
				B45FF12C18CE8708001662CD /* UIKit.framework in Frameworks */,
				B45FF12E18CE8708001662CD /* SpriteKit.framework in Frameworks */,
				B45FF12818CE8708001662CD /* Foundation.framework in Frameworks */,
			);
			runOnlyForDeploymentPostprocessing = 0;
		};
		B45FF14918CE8708001662CD /* Frameworks */ = {
			isa = PBXFrameworksBuildPhase;
			buildActionMask = 2147483647;
			files = (
				B45FF14E18CE8708001662CD /* XCTest.framework in Frameworks */,
				B45FF15018CE8708001662CD /* UIKit.framework in Frameworks */,
				B45FF14F18CE8708001662CD /* Foundation.framework in Frameworks */,
			);
			runOnlyForDeploymentPostprocessing = 0;
		};
/* End PBXFrameworksBuildPhase section */

/* Begin PBXGroup section */
		B45865E718DA154F005C9566 /* Assets */ = {
			isa = PBXGroup;
			children = (
				B478CF8D19197C2C001A9DB6 /* Pause@2x.png */,
				B47923DB19157805002B8467 /* Voltaire-Regular.ttf */,
				B4B66FF618F6229300E2BE70 /* ShipShield@2x.png */,
				B4B66FFA18F6290E00E2BE70 /* ShieldPowerUp@2x.png */,
				B4B66FFC18F62B2700E2BE70 /* ShipShieldImpact@2x.png */,
				B45865E818DA15C9005C9566 /* Ship@2x.png */,
				B47E22C118DBA7E200F42EBB /* Asteroid_0@2x.png */,
				B47E22C218DBA7E200F42EBB /* Asteroid_1@2x.png */,
				B47E22C318DBA7E200F42EBB /* Asteroid_2@2x.png */,
				B47E22C418DBA7E200F42EBB /* Asteroid_3@2x.png */,
				B47E22C518DBA7E200F42EBB /* Asteroid_4@2x.png */,
				B47E22C618DBA7E200F42EBB /* Asteroid_5@2x.png */,
				B47E22C718DBA7E200F42EBB /* Asteroid_6@2x.png */,
				B47E22C818DBA7E200F42EBB /* Asteroid_7@2x.png */,
				B47E22C918DBA7E200F42EBB /* Asteroid_8@2x.png */,
				B47E22CA18DBA7E200F42EBB /* Asteroid_9@2x.png */,
				B47E22CB18DBA7E200F42EBB /* Asteroid_10@2x.png */,
				B47E22CC18DBA7E200F42EBB /* Asteroid_11@2x.png */,
				B4D42023190F23ED0069DA98 /* Planet_0@2x.png */,
				B4D42024190F23ED0069DA98 /* Planet_1@2x.png */,
				B41BC21719184B1B00B1B28F /* Planet_1_0@2x.png */,
				B4D42025190F23ED0069DA98 /* Planet_2@2x.png */,
				B4D42026190F23ED0069DA98 /* Planet_3@2x.png */,
				B4D42027190F23ED0069DA98 /* Planet_4@2x.png */,
				B4D42028190F23ED0069DA98 /* Planet_5@2x.png */,
				B45865D718DA153C005C9566 /* Background@2x.png */,
				B45865ED18DA6612005C9566 /* LargeStar@2x.png */,
			);
			name = Assets;
			sourceTree = "<group>";
		};
		B45FF11B18CE8708001662CD = {
			isa = PBXGroup;
			children = (
				B45FF12F18CE8708001662CD /* ABIMSIM */,
				B45FF15318CE8708001662CD /* ABIMSIMTests */,
				B45FF12618CE8708001662CD /* Frameworks */,
				B45FF12518CE8708001662CD /* Products */,
			);
			sourceTree = "<group>";
		};
		B45FF12518CE8708001662CD /* Products */ = {
			isa = PBXGroup;
			children = (
				B45FF12418CE8708001662CD /* ABIMSIM.app */,
				B45FF14C18CE8708001662CD /* ABIMSIMTests.xctest */,
			);
			name = Products;
			sourceTree = "<group>";
		};
		B45FF12618CE8708001662CD /* Frameworks */ = {
			isa = PBXGroup;
			children = (
				B45FF12718CE8708001662CD /* Foundation.framework */,
				B45FF12918CE8708001662CD /* CoreGraphics.framework */,
				B45FF12B18CE8708001662CD /* UIKit.framework */,
				B45FF12D18CE8708001662CD /* SpriteKit.framework */,
				B45FF14D18CE8708001662CD /* XCTest.framework */,
			);
			name = Frameworks;
			sourceTree = "<group>";
		};
		B45FF12F18CE8708001662CD /* ABIMSIM */ = {
			isa = PBXGroup;
			children = (
				B45865EA18DA3ACA005C9566 /* HexColor.h */,
				B45865EB18DA3ACA005C9566 /* HexColor.m */,
				B45FF13818CE8708001662CD /* AppDelegate.h */,
				B45FF13918CE8708001662CD /* AppDelegate.m */,
				B45FF13B18CE8708001662CD /* Main.storyboard */,
				B45FF13E18CE8708001662CD /* ViewController.h */,
				B45FF13F18CE8708001662CD /* ViewController.m */,
				B45FF14118CE8708001662CD /* GameScene.h */,
				B45FF14218CE8708001662CD /* GameScene.m */,
				B45865E718DA154F005C9566 /* Assets */,
				B45FF14618CE8708001662CD /* Images.xcassets */,
				B45FF13018CE8708001662CD /* Supporting Files */,
			);
			path = ABIMSIM;
			sourceTree = "<group>";
		};
		B45FF13018CE8708001662CD /* Supporting Files */ = {
			isa = PBXGroup;
			children = (
				B45FF13118CE8708001662CD /* ABIMSIM-Info.plist */,
				B45FF13218CE8708001662CD /* InfoPlist.strings */,
				B45FF13518CE8708001662CD /* main.m */,
				B45FF13718CE8708001662CD /* ABIMSIM-Prefix.pch */,
			);
			name = "Supporting Files";
			sourceTree = "<group>";
		};
		B45FF15318CE8708001662CD /* ABIMSIMTests */ = {
			isa = PBXGroup;
			children = (
				B45FF15918CE8708001662CD /* ABIMSIMTests.m */,
				B45FF15418CE8708001662CD /* Supporting Files */,
			);
			path = ABIMSIMTests;
			sourceTree = "<group>";
		};
		B45FF15418CE8708001662CD /* Supporting Files */ = {
			isa = PBXGroup;
			children = (
				B45FF15518CE8708001662CD /* ABIMSIMTests-Info.plist */,
				B45FF15618CE8708001662CD /* InfoPlist.strings */,
			);
			name = "Supporting Files";
			sourceTree = "<group>";
		};
/* End PBXGroup section */

/* Begin PBXNativeTarget section */
		B45FF12318CE8708001662CD /* ABIMSIM */ = {
			isa = PBXNativeTarget;
			buildConfigurationList = B45FF15D18CE8708001662CD /* Build configuration list for PBXNativeTarget "ABIMSIM" */;
			buildPhases = (
				B45FF12018CE8708001662CD /* Sources */,
				B45FF12118CE8708001662CD /* Frameworks */,
				B45FF12218CE8708001662CD /* Resources */,
			);
			buildRules = (
			);
			dependencies = (
			);
			name = ABIMSIM;
			productName = ABIMSIM;
			productReference = B45FF12418CE8708001662CD /* ABIMSIM.app */;
			productType = "com.apple.product-type.application";
		};
		B45FF14B18CE8708001662CD /* ABIMSIMTests */ = {
			isa = PBXNativeTarget;
			buildConfigurationList = B45FF16018CE8708001662CD /* Build configuration list for PBXNativeTarget "ABIMSIMTests" */;
			buildPhases = (
				B45FF14818CE8708001662CD /* Sources */,
				B45FF14918CE8708001662CD /* Frameworks */,
				B45FF14A18CE8708001662CD /* Resources */,
			);
			buildRules = (
			);
			dependencies = (
				B45FF15218CE8708001662CD /* PBXTargetDependency */,
			);
			name = ABIMSIMTests;
			productName = ABIMSIMTests;
			productReference = B45FF14C18CE8708001662CD /* ABIMSIMTests.xctest */;
			productType = "com.apple.product-type.bundle.unit-test";
		};
/* End PBXNativeTarget section */

/* Begin PBXProject section */
		B45FF11C18CE8708001662CD /* Project object */ = {
			isa = PBXProject;
			attributes = {
				LastUpgradeCheck = 0510;
				ORGANIZATIONNAME = "Kevin Yarmosh";
				TargetAttributes = {
					B45FF12318CE8708001662CD = {
						DevelopmentTeam = ZN27EFYD4F;
					};
					B45FF14B18CE8708001662CD = {
						TestTargetID = B45FF12318CE8708001662CD;
					};
				};
			};
			buildConfigurationList = B45FF11F18CE8708001662CD /* Build configuration list for PBXProject "ABIMSIM" */;
			compatibilityVersion = "Xcode 3.2";
			developmentRegion = English;
			hasScannedForEncodings = 0;
			knownRegions = (
				en,
				Base,
			);
			mainGroup = B45FF11B18CE8708001662CD;
			productRefGroup = B45FF12518CE8708001662CD /* Products */;
			projectDirPath = "";
			projectRoot = "";
			targets = (
				B45FF12318CE8708001662CD /* ABIMSIM */,
				B45FF14B18CE8708001662CD /* ABIMSIMTests */,
			);
		};
/* End PBXProject section */

/* Begin PBXResourcesBuildPhase section */
		B45FF12218CE8708001662CD /* Resources */ = {
			isa = PBXResourcesBuildPhase;
			buildActionMask = 2147483647;
			files = (
				B45FF13418CE8708001662CD /* InfoPlist.strings in Resources */,
				B47E22D618DBA7E200F42EBB /* Asteroid_9@2x.png in Resources */,
				B47E22CE18DBA7E200F42EBB /* Asteroid_1@2x.png in Resources */,
				B47E22D118DBA7E200F42EBB /* Asteroid_4@2x.png in Resources */,
				B47E22CD18DBA7E200F42EBB /* Asteroid_0@2x.png in Resources */,
				B41BC21819184B1B00B1B28F /* Planet_1_0@2x.png in Resources */,
				B47E22D818DBA7E200F42EBB /* Asteroid_11@2x.png in Resources */,
				B45FF14718CE8708001662CD /* Images.xcassets in Resources */,
				B47E22D518DBA7E200F42EBB /* Asteroid_8@2x.png in Resources */,
				B47E22D218DBA7E200F42EBB /* Asteroid_5@2x.png in Resources */,
				B4D42029190F23ED0069DA98 /* Planet_0@2x.png in Resources */,
				B4D4202A190F23ED0069DA98 /* Planet_1@2x.png in Resources */,
				B45FF13D18CE8708001662CD /* Main.storyboard in Resources */,
				B4B66FF718F6229300E2BE70 /* ShipShield@2x.png in Resources */,
				B4B66FFB18F6290E00E2BE70 /* ShieldPowerUp@2x.png in Resources */,
				B47E22D018DBA7E200F42EBB /* Asteroid_3@2x.png in Resources */,
				B45865EE18DA6612005C9566 /* LargeStar@2x.png in Resources */,
				B45865E918DA15C9005C9566 /* Ship@2x.png in Resources */,
				B47923DC19157805002B8467 /* Voltaire-Regular.ttf in Resources */,
				B4D4202B190F23ED0069DA98 /* Planet_2@2x.png in Resources */,
				B47E22D718DBA7E200F42EBB /* Asteroid_10@2x.png in Resources */,
				B478CF8E19197C2C001A9DB6 /* Pause@2x.png in Resources */,
				B4D4202C190F23ED0069DA98 /* Planet_3@2x.png in Resources */,
				B4B66FFD18F62B2700E2BE70 /* ShipShieldImpact@2x.png in Resources */,
				B45865E518DA153C005C9566 /* Background@2x.png in Resources */,
				B47E22D318DBA7E200F42EBB /* Asteroid_6@2x.png in Resources */,
				B4D4202E190F23ED0069DA98 /* Planet_5@2x.png in Resources */,
				B4D4202D190F23ED0069DA98 /* Planet_4@2x.png in Resources */,
				B47E22CF18DBA7E200F42EBB /* Asteroid_2@2x.png in Resources */,
				B47E22D418DBA7E200F42EBB /* Asteroid_7@2x.png in Resources */,
			);
			runOnlyForDeploymentPostprocessing = 0;
		};
		B45FF14A18CE8708001662CD /* Resources */ = {
			isa = PBXResourcesBuildPhase;
			buildActionMask = 2147483647;
			files = (
				B45FF15818CE8708001662CD /* InfoPlist.strings in Resources */,
			);
			runOnlyForDeploymentPostprocessing = 0;
		};
/* End PBXResourcesBuildPhase section */

/* Begin PBXSourcesBuildPhase section */
		B45FF12018CE8708001662CD /* Sources */ = {
			isa = PBXSourcesBuildPhase;
			buildActionMask = 2147483647;
			files = (
				B45865EC18DA3ACA005C9566 /* HexColor.m in Sources */,
				B45FF14318CE8708001662CD /* GameScene.m in Sources */,
				B45FF14018CE8708001662CD /* ViewController.m in Sources */,
				B45FF13A18CE8708001662CD /* AppDelegate.m in Sources */,
				B45FF13618CE8708001662CD /* main.m in Sources */,
			);
			runOnlyForDeploymentPostprocessing = 0;
		};
		B45FF14818CE8708001662CD /* Sources */ = {
			isa = PBXSourcesBuildPhase;
			buildActionMask = 2147483647;
			files = (
				B45FF15A18CE8708001662CD /* ABIMSIMTests.m in Sources */,
			);
			runOnlyForDeploymentPostprocessing = 0;
		};
/* End PBXSourcesBuildPhase section */

/* Begin PBXTargetDependency section */
		B45FF15218CE8708001662CD /* PBXTargetDependency */ = {
			isa = PBXTargetDependency;
			target = B45FF12318CE8708001662CD /* ABIMSIM */;
			targetProxy = B45FF15118CE8708001662CD /* PBXContainerItemProxy */;
		};
/* End PBXTargetDependency section */

/* Begin PBXVariantGroup section */
		B45FF13218CE8708001662CD /* InfoPlist.strings */ = {
			isa = PBXVariantGroup;
			children = (
				B45FF13318CE8708001662CD /* en */,
			);
			name = InfoPlist.strings;
			sourceTree = "<group>";
		};
		B45FF13B18CE8708001662CD /* Main.storyboard */ = {
			isa = PBXVariantGroup;
			children = (
				B45FF13C18CE8708001662CD /* Base */,
			);
			name = Main.storyboard;
			sourceTree = "<group>";
		};
		B45FF15618CE8708001662CD /* InfoPlist.strings */ = {
			isa = PBXVariantGroup;
			children = (
				B45FF15718CE8708001662CD /* en */,
			);
			name = InfoPlist.strings;
			sourceTree = "<group>";
		};
/* End PBXVariantGroup section */

/* Begin XCBuildConfiguration section */
		B45FF15B18CE8708001662CD /* Debug */ = {
			isa = XCBuildConfiguration;
			buildSettings = {
				ALWAYS_SEARCH_USER_PATHS = NO;
				CLANG_CXX_LANGUAGE_STANDARD = "gnu++0x";
				CLANG_CXX_LIBRARY = "libc++";
				CLANG_ENABLE_MODULES = YES;
				CLANG_ENABLE_OBJC_ARC = YES;
				CLANG_WARN_BOOL_CONVERSION = YES;
				CLANG_WARN_CONSTANT_CONVERSION = YES;
				CLANG_WARN_DIRECT_OBJC_ISA_USAGE = YES_ERROR;
				CLANG_WARN_EMPTY_BODY = YES;
				CLANG_WARN_ENUM_CONVERSION = YES;
				CLANG_WARN_INT_CONVERSION = YES;
				CLANG_WARN_OBJC_ROOT_CLASS = YES_ERROR;
				CLANG_WARN__DUPLICATE_METHOD_MATCH = YES;
				CODE_SIGN_IDENTITY = "iPhone Developer: Kevin Yarmosh (V93Q49NDVM)";
				"CODE_SIGN_IDENTITY[sdk=iphoneos*]" = "iPhone Developer: Kevin Yarmosh (V93Q49NDVM)";
				COPY_PHASE_STRIP = NO;
				GCC_C_LANGUAGE_STANDARD = gnu99;
				GCC_DYNAMIC_NO_PIC = NO;
				GCC_OPTIMIZATION_LEVEL = 0;
				GCC_PREPROCESSOR_DEFINITIONS = (
					"DEBUG=1",
					"$(inherited)",
				);
				GCC_SYMBOLS_PRIVATE_EXTERN = NO;
				GCC_WARN_64_TO_32_BIT_CONVERSION = YES;
				GCC_WARN_ABOUT_RETURN_TYPE = YES_ERROR;
				GCC_WARN_UNDECLARED_SELECTOR = YES;
				GCC_WARN_UNINITIALIZED_AUTOS = YES;
				GCC_WARN_UNUSED_FUNCTION = YES;
				GCC_WARN_UNUSED_VARIABLE = YES;
				IPHONEOS_DEPLOYMENT_TARGET = 7.0;
				ONLY_ACTIVE_ARCH = YES;
				PROVISIONING_PROFILE = "";
				SDKROOT = iphoneos;
			};
			name = Debug;
		};
		B45FF15C18CE8708001662CD /* Release */ = {
			isa = XCBuildConfiguration;
			buildSettings = {
				ALWAYS_SEARCH_USER_PATHS = NO;
				CLANG_CXX_LANGUAGE_STANDARD = "gnu++0x";
				CLANG_CXX_LIBRARY = "libc++";
				CLANG_ENABLE_MODULES = YES;
				CLANG_ENABLE_OBJC_ARC = YES;
				CLANG_WARN_BOOL_CONVERSION = YES;
				CLANG_WARN_CONSTANT_CONVERSION = YES;
				CLANG_WARN_DIRECT_OBJC_ISA_USAGE = YES_ERROR;
				CLANG_WARN_EMPTY_BODY = YES;
				CLANG_WARN_ENUM_CONVERSION = YES;
				CLANG_WARN_INT_CONVERSION = YES;
				CLANG_WARN_OBJC_ROOT_CLASS = YES_ERROR;
				CLANG_WARN__DUPLICATE_METHOD_MATCH = YES;
				CODE_SIGN_IDENTITY = "iPhone Developer: Kevin Yarmosh (V93Q49NDVM)";
				"CODE_SIGN_IDENTITY[sdk=iphoneos*]" = "iPhone Developer: Kevin Yarmosh (V93Q49NDVM)";
				COPY_PHASE_STRIP = YES;
				ENABLE_NS_ASSERTIONS = NO;
				GCC_C_LANGUAGE_STANDARD = gnu99;
				GCC_WARN_64_TO_32_BIT_CONVERSION = YES;
				GCC_WARN_ABOUT_RETURN_TYPE = YES_ERROR;
				GCC_WARN_UNDECLARED_SELECTOR = YES;
				GCC_WARN_UNINITIALIZED_AUTOS = YES;
				GCC_WARN_UNUSED_FUNCTION = YES;
				GCC_WARN_UNUSED_VARIABLE = YES;
				IPHONEOS_DEPLOYMENT_TARGET = 7.0;
				PROVISIONING_PROFILE = "";
				SDKROOT = iphoneos;
				VALIDATE_PRODUCT = YES;
			};
			name = Release;
		};
		B45FF15E18CE8708001662CD /* Debug */ = {
			isa = XCBuildConfiguration;
			buildSettings = {
				ASSETCATALOG_COMPILER_APPICON_NAME = AppIcon;
				ASSETCATALOG_COMPILER_LAUNCHIMAGE_NAME = LaunchImage;
				CODE_SIGN_IDENTITY = "iPhone Developer: Kevin Yarmosh (V93Q49NDVM)";
				"CODE_SIGN_IDENTITY[sdk=iphoneos*]" = "iPhone Developer: Kevin Yarmosh (V93Q49NDVM)";
				GCC_PRECOMPILE_PREFIX_HEADER = YES;
				GCC_PREFIX_HEADER = "ABIMSIM/ABIMSIM-Prefix.pch";
				INFOPLIST_FILE = "ABIMSIM/ABIMSIM-Info.plist";
				PRODUCT_NAME = "$(TARGET_NAME)";
				PROVISIONING_PROFILE = "";
				SPRITEKIT_TEXTURE_ATLAS_OUTPUT = YES;
				WRAPPER_EXTENSION = app;
			};
			name = Debug;
		};
		B45FF15F18CE8708001662CD /* Release */ = {
			isa = XCBuildConfiguration;
			buildSettings = {
				ASSETCATALOG_COMPILER_APPICON_NAME = AppIcon;
				ASSETCATALOG_COMPILER_LAUNCHIMAGE_NAME = LaunchImage;
				CODE_SIGN_IDENTITY = "iPhone Developer: Kevin Yarmosh (V93Q49NDVM)";
				"CODE_SIGN_IDENTITY[sdk=iphoneos*]" = "iPhone Developer: Kevin Yarmosh (V93Q49NDVM)";
				GCC_PRECOMPILE_PREFIX_HEADER = YES;
				GCC_PREFIX_HEADER = "ABIMSIM/ABIMSIM-Prefix.pch";
				INFOPLIST_FILE = "ABIMSIM/ABIMSIM-Info.plist";
				PRODUCT_NAME = "$(TARGET_NAME)";
				PROVISIONING_PROFILE = "";
				SPRITEKIT_TEXTURE_ATLAS_OUTPUT = YES;
				WRAPPER_EXTENSION = app;
			};
			name = Release;
		};
		B45FF16118CE8708001662CD /* Debug */ = {
			isa = XCBuildConfiguration;
			buildSettings = {
				BUNDLE_LOADER = "$(BUILT_PRODUCTS_DIR)/ABIMSIM.app/ABIMSIM";
				FRAMEWORK_SEARCH_PATHS = (
					"$(SDKROOT)/Developer/Library/Frameworks",
					"$(inherited)",
					"$(DEVELOPER_FRAMEWORKS_DIR)",
				);
				GCC_PRECOMPILE_PREFIX_HEADER = YES;
				GCC_PREFIX_HEADER = "ABIMSIM/ABIMSIM-Prefix.pch";
				GCC_PREPROCESSOR_DEFINITIONS = (
					"DEBUG=1",
					"$(inherited)",
				);
				INFOPLIST_FILE = "ABIMSIMTests/ABIMSIMTests-Info.plist";
				PRODUCT_NAME = "$(TARGET_NAME)";
				TEST_HOST = "$(BUNDLE_LOADER)";
				WRAPPER_EXTENSION = xctest;
			};
			name = Debug;
		};
		B45FF16218CE8708001662CD /* Release */ = {
			isa = XCBuildConfiguration;
			buildSettings = {
				BUNDLE_LOADER = "$(BUILT_PRODUCTS_DIR)/ABIMSIM.app/ABIMSIM";
				FRAMEWORK_SEARCH_PATHS = (
					"$(SDKROOT)/Developer/Library/Frameworks",
					"$(inherited)",
					"$(DEVELOPER_FRAMEWORKS_DIR)",
				);
				GCC_PRECOMPILE_PREFIX_HEADER = YES;
				GCC_PREFIX_HEADER = "ABIMSIM/ABIMSIM-Prefix.pch";
				INFOPLIST_FILE = "ABIMSIMTests/ABIMSIMTests-Info.plist";
				PRODUCT_NAME = "$(TARGET_NAME)";
				TEST_HOST = "$(BUNDLE_LOADER)";
				WRAPPER_EXTENSION = xctest;
			};
			name = Release;
		};
/* End XCBuildConfiguration section */

/* Begin XCConfigurationList section */
		B45FF11F18CE8708001662CD /* Build configuration list for PBXProject "ABIMSIM" */ = {
			isa = XCConfigurationList;
			buildConfigurations = (
				B45FF15B18CE8708001662CD /* Debug */,
				B45FF15C18CE8708001662CD /* Release */,
			);
			defaultConfigurationIsVisible = 0;
			defaultConfigurationName = Release;
		};
		B45FF15D18CE8708001662CD /* Build configuration list for PBXNativeTarget "ABIMSIM" */ = {
			isa = XCConfigurationList;
			buildConfigurations = (
				B45FF15E18CE8708001662CD /* Debug */,
				B45FF15F18CE8708001662CD /* Release */,
			);
			defaultConfigurationIsVisible = 0;
			defaultConfigurationName = Release;
		};
		B45FF16018CE8708001662CD /* Build configuration list for PBXNativeTarget "ABIMSIMTests" */ = {
			isa = XCConfigurationList;
			buildConfigurations = (
				B45FF16118CE8708001662CD /* Debug */,
				B45FF16218CE8708001662CD /* Release */,
			);
			defaultConfigurationIsVisible = 0;
			defaultConfigurationName = Release;
		};
/* End XCConfigurationList section */
	};
	rootObject = B45FF11C18CE8708001662CD /* Project object */;
}
